// !$*UTF8*$!
{
	archiveVersion = 1;
	classes = {
	};
	objectVersion = 55;
	objects = {

/* Begin PBXBuildFile section */
		8A6040DB2819F72D00794895 /* EditItemView.swift in Sources */ = {isa = PBXBuildFile; fileRef = 8A6040DA2819F72D00794895 /* EditItemView.swift */; };
		8A6040DD2819F81C00794895 /* ItemRowView.swift in Sources */ = {isa = PBXBuildFile; fileRef = 8A6040DC2819F81C00794895 /* ItemRowView.swift */; };
		8A6040DF2819F8EC00794895 /* Binding-OnChange.swift in Sources */ = {isa = PBXBuildFile; fileRef = 8A6040DE2819F8EC00794895 /* Binding-OnChange.swift */; };
		8A6040E12819FFF700794895 /* ProjectHeaderView.swift in Sources */ = {isa = PBXBuildFile; fileRef = 8A6040E02819FFF700794895 /* ProjectHeaderView.swift */; };
		8A6040E3281A00C500794895 /* Colors.xcassets in Resources */ = {isa = PBXBuildFile; fileRef = 8A6040E2281A00C500794895 /* Colors.xcassets */; };
		8A6040E5281A010400794895 /* EditProjectView.swift in Sources */ = {isa = PBXBuildFile; fileRef = 8A6040E4281A010400794895 /* EditProjectView.swift */; };
		8AAEBB7E281995B1002A5B8F /* TravnerApp.swift in Sources */ = {isa = PBXBuildFile; fileRef = 8AAEBB7D281995B1002A5B8F /* TravnerApp.swift */; };
		8AAEBB80281995B1002A5B8F /* ContentView.swift in Sources */ = {isa = PBXBuildFile; fileRef = 8AAEBB7F281995B1002A5B8F /* ContentView.swift */; };
		8AAEBB82281995B7002A5B8F /* Assets.xcassets in Resources */ = {isa = PBXBuildFile; fileRef = 8AAEBB81281995B7002A5B8F /* Assets.xcassets */; };
		8AAEBB85281995B7002A5B8F /* Preview Assets.xcassets in Resources */ = {isa = PBXBuildFile; fileRef = 8AAEBB84281995B7002A5B8F /* Preview Assets.xcassets */; };
		8AAEBB8D2819DBC2002A5B8F /* Main.xcdatamodeld in Sources */ = {isa = PBXBuildFile; fileRef = 8AAEBB8B2819DBC2002A5B8F /* Main.xcdatamodeld */; };
		8AAEBB8F2819DCC4002A5B8F /* DataController.swift in Sources */ = {isa = PBXBuildFile; fileRef = 8AAEBB8E2819DCC4002A5B8F /* DataController.swift */; };
		8AAEBB922819DE19002A5B8F /* HomeView.swift in Sources */ = {isa = PBXBuildFile; fileRef = 8AAEBB912819DE19002A5B8F /* HomeView.swift */; };
		8AAEBB942819DFE8002A5B8F /* ProjectsView.swift in Sources */ = {isa = PBXBuildFile; fileRef = 8AAEBB932819DFE8002A5B8F /* ProjectsView.swift */; };
		8AAEBB962819E097002A5B8F /* Item-CoreDataHelpers.swift in Sources */ = {isa = PBXBuildFile; fileRef = 8AAEBB952819E097002A5B8F /* Item-CoreDataHelpers.swift */; };
		8AAEBB982819E489002A5B8F /* Project-CoreDataHelpers.swift in Sources */ = {isa = PBXBuildFile; fileRef = 8AAEBB972819E489002A5B8F /* Project-CoreDataHelpers.swift */; };
		8AFF6361281BB632006587AD /* Sequence-Sorting.swift in Sources */ = {isa = PBXBuildFile; fileRef = 8AFF6360281BB632006587AD /* Sequence-Sorting.swift */; };
/* End PBXBuildFile section */

/* Begin PBXFileReference section */
		8A6040DA2819F72D00794895 /* EditItemView.swift */ = {isa = PBXFileReference; lastKnownFileType = sourcecode.swift; path = EditItemView.swift; sourceTree = "<group>"; };
		8A6040DC2819F81C00794895 /* ItemRowView.swift */ = {isa = PBXFileReference; lastKnownFileType = sourcecode.swift; path = ItemRowView.swift; sourceTree = "<group>"; };
		8A6040DE2819F8EC00794895 /* Binding-OnChange.swift */ = {isa = PBXFileReference; lastKnownFileType = sourcecode.swift; path = "Binding-OnChange.swift"; sourceTree = "<group>"; };
		8A6040E02819FFF700794895 /* ProjectHeaderView.swift */ = {isa = PBXFileReference; lastKnownFileType = sourcecode.swift; path = ProjectHeaderView.swift; sourceTree = "<group>"; };
		8A6040E2281A00C500794895 /* Colors.xcassets */ = {isa = PBXFileReference; lastKnownFileType = folder.assetcatalog; path = Colors.xcassets; sourceTree = "<group>"; };
		8A6040E4281A010400794895 /* EditProjectView.swift */ = {isa = PBXFileReference; lastKnownFileType = sourcecode.swift; path = EditProjectView.swift; sourceTree = "<group>"; };
		8AAEBB7A281995B1002A5B8F /* Travner.app */ = {isa = PBXFileReference; explicitFileType = wrapper.application; includeInIndex = 0; path = Travner.app; sourceTree = BUILT_PRODUCTS_DIR; };
		8AAEBB7D281995B1002A5B8F /* TravnerApp.swift */ = {isa = PBXFileReference; lastKnownFileType = sourcecode.swift; path = TravnerApp.swift; sourceTree = "<group>"; };
		8AAEBB7F281995B1002A5B8F /* ContentView.swift */ = {isa = PBXFileReference; lastKnownFileType = sourcecode.swift; path = ContentView.swift; sourceTree = "<group>"; };
		8AAEBB81281995B7002A5B8F /* Assets.xcassets */ = {isa = PBXFileReference; lastKnownFileType = folder.assetcatalog; path = Assets.xcassets; sourceTree = "<group>"; };
		8AAEBB84281995B7002A5B8F /* Preview Assets.xcassets */ = {isa = PBXFileReference; lastKnownFileType = folder.assetcatalog; path = "Preview Assets.xcassets"; sourceTree = "<group>"; };
		8AAEBB8C2819DBC2002A5B8F /* Main.xcdatamodel */ = {isa = PBXFileReference; lastKnownFileType = wrapper.xcdatamodel; path = Main.xcdatamodel; sourceTree = "<group>"; };
		8AAEBB8E2819DCC4002A5B8F /* DataController.swift */ = {isa = PBXFileReference; lastKnownFileType = sourcecode.swift; path = DataController.swift; sourceTree = "<group>"; };
		8AAEBB902819DD3B002A5B8F /* Info.plist */ = {isa = PBXFileReference; lastKnownFileType = text.plist; path = Info.plist; sourceTree = "<group>"; };
		8AAEBB912819DE19002A5B8F /* HomeView.swift */ = {isa = PBXFileReference; lastKnownFileType = sourcecode.swift; path = HomeView.swift; sourceTree = "<group>"; };
		8AAEBB932819DFE8002A5B8F /* ProjectsView.swift */ = {isa = PBXFileReference; lastKnownFileType = sourcecode.swift; path = ProjectsView.swift; sourceTree = "<group>"; };
		8AAEBB952819E097002A5B8F /* Item-CoreDataHelpers.swift */ = {isa = PBXFileReference; lastKnownFileType = sourcecode.swift; path = "Item-CoreDataHelpers.swift"; sourceTree = "<group>"; };
		8AAEBB972819E489002A5B8F /* Project-CoreDataHelpers.swift */ = {isa = PBXFileReference; lastKnownFileType = sourcecode.swift; path = "Project-CoreDataHelpers.swift"; sourceTree = "<group>"; };
		8AFF6360281BB632006587AD /* Sequence-Sorting.swift */ = {isa = PBXFileReference; lastKnownFileType = sourcecode.swift; path = "Sequence-Sorting.swift"; sourceTree = "<group>"; };
/* End PBXFileReference section */

/* Begin PBXFrameworksBuildPhase section */
		8AAEBB77281995B1002A5B8F /* Frameworks */ = {
			isa = PBXFrameworksBuildPhase;
			buildActionMask = 2147483647;
			files = (
			);
			runOnlyForDeploymentPostprocessing = 0;
		};
/* End PBXFrameworksBuildPhase section */

/* Begin PBXGroup section */
		8AAEBB71281995B1002A5B8F = {
			isa = PBXGroup;
			children = (
				8AAEBB7C281995B1002A5B8F /* Travner */,
				8AAEBB7B281995B1002A5B8F /* Products */,
			);
			sourceTree = "<group>";
		};
		8AAEBB7B281995B1002A5B8F /* Products */ = {
			isa = PBXGroup;
			children = (
				8AAEBB7A281995B1002A5B8F /* Travner.app */,
			);
			name = Products;
			sourceTree = "<group>";
		};
		8AAEBB7C281995B1002A5B8F /* Travner */ = {
			isa = PBXGroup;
			children = (
				8AAEBB902819DD3B002A5B8F /* Info.plist */,
				8AAEBB7D281995B1002A5B8F /* TravnerApp.swift */,
				8AAEBB7F281995B1002A5B8F /* ContentView.swift */,
				8AAEBB8B2819DBC2002A5B8F /* Main.xcdatamodeld */,
				8AAEBB8E2819DCC4002A5B8F /* DataController.swift */,
				8AAEBB912819DE19002A5B8F /* HomeView.swift */,
				8AAEBB932819DFE8002A5B8F /* ProjectsView.swift */,
				8AAEBB952819E097002A5B8F /* Item-CoreDataHelpers.swift */,
				8AAEBB972819E489002A5B8F /* Project-CoreDataHelpers.swift */,
				8A6040DA2819F72D00794895 /* EditItemView.swift */,
				8A6040DC2819F81C00794895 /* ItemRowView.swift */,
				8A6040DE2819F8EC00794895 /* Binding-OnChange.swift */,
				8A6040E02819FFF700794895 /* ProjectHeaderView.swift */,
				8A6040E4281A010400794895 /* EditProjectView.swift */,
				8AFF6360281BB632006587AD /* Sequence-Sorting.swift */,
				8AAEBB81281995B7002A5B8F /* Assets.xcassets */,
				8A6040E2281A00C500794895 /* Colors.xcassets */,
				8AAEBB83281995B7002A5B8F /* Preview Content */,
			);
			path = Travner;
			sourceTree = "<group>";
		};
		8AAEBB83281995B7002A5B8F /* Preview Content */ = {
			isa = PBXGroup;
			children = (
				8AAEBB84281995B7002A5B8F /* Preview Assets.xcassets */,
			);
			path = "Preview Content";
			sourceTree = "<group>";
		};
/* End PBXGroup section */

/* Begin PBXNativeTarget section */
		8AAEBB79281995B1002A5B8F /* Travner */ = {
			isa = PBXNativeTarget;
			buildConfigurationList = 8AAEBB88281995B7002A5B8F /* Build configuration list for PBXNativeTarget "Travner" */;
			buildPhases = (
				8AAEBB76281995B1002A5B8F /* Sources */,
				8AAEBB77281995B1002A5B8F /* Frameworks */,
				8AAEBB78281995B1002A5B8F /* Resources */,
			);
			buildRules = (
			);
			dependencies = (
			);
			name = Travner;
			productName = Travner;
			productReference = 8AAEBB7A281995B1002A5B8F /* Travner.app */;
			productType = "com.apple.product-type.application";
		};
/* End PBXNativeTarget section */

/* Begin PBXProject section */
		8AAEBB72281995B1002A5B8F /* Project object */ = {
			isa = PBXProject;
			attributes = {
				BuildIndependentTargetsInParallel = 1;
				LastSwiftUpdateCheck = 1330;
				LastUpgradeCheck = 1330;
				TargetAttributes = {
					8AAEBB79281995B1002A5B8F = {
						CreatedOnToolsVersion = 13.3.1;
					};
				};
			};
			buildConfigurationList = 8AAEBB75281995B1002A5B8F /* Build configuration list for PBXProject "Travner" */;
			compatibilityVersion = "Xcode 13.0";
			developmentRegion = en;
			hasScannedForEncodings = 0;
			knownRegions = (
				en,
				Base,
			);
			mainGroup = 8AAEBB71281995B1002A5B8F;
			productRefGroup = 8AAEBB7B281995B1002A5B8F /* Products */;
			projectDirPath = "";
			projectRoot = "";
			targets = (
				8AAEBB79281995B1002A5B8F /* Travner */,
			);
		};
/* End PBXProject section */

/* Begin PBXResourcesBuildPhase section */
		8AAEBB78281995B1002A5B8F /* Resources */ = {
			isa = PBXResourcesBuildPhase;
			buildActionMask = 2147483647;
			files = (
				8A6040E3281A00C500794895 /* Colors.xcassets in Resources */,
				8AAEBB85281995B7002A5B8F /* Preview Assets.xcassets in Resources */,
				8AAEBB82281995B7002A5B8F /* Assets.xcassets in Resources */,
			);
			runOnlyForDeploymentPostprocessing = 0;
		};
/* End PBXResourcesBuildPhase section */

/* Begin PBXSourcesBuildPhase section */
		8AAEBB76281995B1002A5B8F /* Sources */ = {
			isa = PBXSourcesBuildPhase;
			buildActionMask = 2147483647;
			files = (
				8AAEBB942819DFE8002A5B8F /* ProjectsView.swift in Sources */,
				8A6040E12819FFF700794895 /* ProjectHeaderView.swift in Sources */,
				8AAEBB8D2819DBC2002A5B8F /* Main.xcdatamodeld in Sources */,
				8AAEBB982819E489002A5B8F /* Project-CoreDataHelpers.swift in Sources */,
				8A6040E5281A010400794895 /* EditProjectView.swift in Sources */,
				8AAEBB8F2819DCC4002A5B8F /* DataController.swift in Sources */,
				8A6040DD2819F81C00794895 /* ItemRowView.swift in Sources */,
				8AAEBB80281995B1002A5B8F /* ContentView.swift in Sources */,
				8A6040DF2819F8EC00794895 /* Binding-OnChange.swift in Sources */,
				8AFF6361281BB632006587AD /* Sequence-Sorting.swift in Sources */,
				8AAEBB922819DE19002A5B8F /* HomeView.swift in Sources */,
				8AAEBB7E281995B1002A5B8F /* TravnerApp.swift in Sources */,
				8AAEBB962819E097002A5B8F /* Item-CoreDataHelpers.swift in Sources */,
				8A6040DB2819F72D00794895 /* EditItemView.swift in Sources */,
			);
			runOnlyForDeploymentPostprocessing = 0;
		};
/* End PBXSourcesBuildPhase section */

/* Begin XCBuildConfiguration section */
		8AAEBB86281995B7002A5B8F /* Debug */ = {
			isa = XCBuildConfiguration;
			buildSettings = {
				ALWAYS_SEARCH_USER_PATHS = NO;
				CLANG_ANALYZER_NONNULL = YES;
				CLANG_ANALYZER_NUMBER_OBJECT_CONVERSION = YES_AGGRESSIVE;
				CLANG_CXX_LANGUAGE_STANDARD = "gnu++17";
				CLANG_ENABLE_MODULES = YES;
				CLANG_ENABLE_OBJC_ARC = YES;
				CLANG_ENABLE_OBJC_WEAK = YES;
				CLANG_WARN_BLOCK_CAPTURE_AUTORELEASING = YES;
				CLANG_WARN_BOOL_CONVERSION = YES;
				CLANG_WARN_COMMA = YES;
				CLANG_WARN_CONSTANT_CONVERSION = YES;
				CLANG_WARN_DEPRECATED_OBJC_IMPLEMENTATIONS = YES;
				CLANG_WARN_DIRECT_OBJC_ISA_USAGE = YES_ERROR;
				CLANG_WARN_DOCUMENTATION_COMMENTS = YES;
				CLANG_WARN_EMPTY_BODY = YES;
				CLANG_WARN_ENUM_CONVERSION = YES;
				CLANG_WARN_INFINITE_RECURSION = YES;
				CLANG_WARN_INT_CONVERSION = YES;
				CLANG_WARN_NON_LITERAL_NULL_CONVERSION = YES;
				CLANG_WARN_OBJC_IMPLICIT_RETAIN_SELF = YES;
				CLANG_WARN_OBJC_LITERAL_CONVERSION = YES;
				CLANG_WARN_OBJC_ROOT_CLASS = YES_ERROR;
				CLANG_WARN_QUOTED_INCLUDE_IN_FRAMEWORK_HEADER = YES;
				CLANG_WARN_RANGE_LOOP_ANALYSIS = YES;
				CLANG_WARN_STRICT_PROTOTYPES = YES;
				CLANG_WARN_SUSPICIOUS_MOVE = YES;
				CLANG_WARN_UNGUARDED_AVAILABILITY = YES_AGGRESSIVE;
				CLANG_WARN_UNREACHABLE_CODE = YES;
				CLANG_WARN__DUPLICATE_METHOD_MATCH = YES;
				COPY_PHASE_STRIP = NO;
				DEBUG_INFORMATION_FORMAT = dwarf;
				ENABLE_STRICT_OBJC_MSGSEND = YES;
				ENABLE_TESTABILITY = YES;
				GCC_C_LANGUAGE_STANDARD = gnu11;
				GCC_DYNAMIC_NO_PIC = NO;
				GCC_NO_COMMON_BLOCKS = YES;
				GCC_OPTIMIZATION_LEVEL = 0;
				GCC_PREPROCESSOR_DEFINITIONS = (
					"DEBUG=1",
					"$(inherited)",
				);
				GCC_WARN_64_TO_32_BIT_CONVERSION = YES;
				GCC_WARN_ABOUT_RETURN_TYPE = YES_ERROR;
				GCC_WARN_UNDECLARED_SELECTOR = YES;
				GCC_WARN_UNINITIALIZED_AUTOS = YES_AGGRESSIVE;
				GCC_WARN_UNUSED_FUNCTION = YES;
				GCC_WARN_UNUSED_VARIABLE = YES;
				IPHONEOS_DEPLOYMENT_TARGET = 15.4;
				MTL_ENABLE_DEBUG_INFO = INCLUDE_SOURCE;
				MTL_FAST_MATH = YES;
				ONLY_ACTIVE_ARCH = YES;
				SDKROOT = iphoneos;
				SWIFT_ACTIVE_COMPILATION_CONDITIONS = DEBUG;
				SWIFT_OPTIMIZATION_LEVEL = "-Onone";
			};
			name = Debug;
		};
		8AAEBB87281995B7002A5B8F /* Release */ = {
			isa = XCBuildConfiguration;
			buildSettings = {
				ALWAYS_SEARCH_USER_PATHS = NO;
				CLANG_ANALYZER_NONNULL = YES;
				CLANG_ANALYZER_NUMBER_OBJECT_CONVERSION = YES_AGGRESSIVE;
				CLANG_CXX_LANGUAGE_STANDARD = "gnu++17";
				CLANG_ENABLE_MODULES = YES;
				CLANG_ENABLE_OBJC_ARC = YES;
				CLANG_ENABLE_OBJC_WEAK = YES;
				CLANG_WARN_BLOCK_CAPTURE_AUTORELEASING = YES;
				CLANG_WARN_BOOL_CONVERSION = YES;
				CLANG_WARN_COMMA = YES;
				CLANG_WARN_CONSTANT_CONVERSION = YES;
				CLANG_WARN_DEPRECATED_OBJC_IMPLEMENTATIONS = YES;
				CLANG_WARN_DIRECT_OBJC_ISA_USAGE = YES_ERROR;
				CLANG_WARN_DOCUMENTATION_COMMENTS = YES;
				CLANG_WARN_EMPTY_BODY = YES;
				CLANG_WARN_ENUM_CONVERSION = YES;
				CLANG_WARN_INFINITE_RECURSION = YES;
				CLANG_WARN_INT_CONVERSION = YES;
				CLANG_WARN_NON_LITERAL_NULL_CONVERSION = YES;
				CLANG_WARN_OBJC_IMPLICIT_RETAIN_SELF = YES;
				CLANG_WARN_OBJC_LITERAL_CONVERSION = YES;
				CLANG_WARN_OBJC_ROOT_CLASS = YES_ERROR;
				CLANG_WARN_QUOTED_INCLUDE_IN_FRAMEWORK_HEADER = YES;
				CLANG_WARN_RANGE_LOOP_ANALYSIS = YES;
				CLANG_WARN_STRICT_PROTOTYPES = YES;
				CLANG_WARN_SUSPICIOUS_MOVE = YES;
				CLANG_WARN_UNGUARDED_AVAILABILITY = YES_AGGRESSIVE;
				CLANG_WARN_UNREACHABLE_CODE = YES;
				CLANG_WARN__DUPLICATE_METHOD_MATCH = YES;
				COPY_PHASE_STRIP = NO;
				DEBUG_INFORMATION_FORMAT = "dwarf-with-dsym";
				ENABLE_NS_ASSERTIONS = NO;
				ENABLE_STRICT_OBJC_MSGSEND = YES;
				GCC_C_LANGUAGE_STANDARD = gnu11;
				GCC_NO_COMMON_BLOCKS = YES;
				GCC_WARN_64_TO_32_BIT_CONVERSION = YES;
				GCC_WARN_ABOUT_RETURN_TYPE = YES_ERROR;
				GCC_WARN_UNDECLARED_SELECTOR = YES;
				GCC_WARN_UNINITIALIZED_AUTOS = YES_AGGRESSIVE;
				GCC_WARN_UNUSED_FUNCTION = YES;
				GCC_WARN_UNUSED_VARIABLE = YES;
				IPHONEOS_DEPLOYMENT_TARGET = 15.4;
				MTL_ENABLE_DEBUG_INFO = NO;
				MTL_FAST_MATH = YES;
				SDKROOT = iphoneos;
				SWIFT_COMPILATION_MODE = wholemodule;
				SWIFT_OPTIMIZATION_LEVEL = "-O";
				VALIDATE_PRODUCT = YES;
			};
			name = Release;
		};
		8AAEBB89281995B7002A5B8F /* Debug */ = {
			isa = XCBuildConfiguration;
			buildSettings = {
				ASSETCATALOG_COMPILER_APPICON_NAME = AppIcon;
				ASSETCATALOG_COMPILER_GLOBAL_ACCENT_COLOR_NAME = AccentColor;
				CODE_SIGN_STYLE = Automatic;
				CURRENT_PROJECT_VERSION = 1;
				DEVELOPMENT_ASSET_PATHS = "\"Travner/Preview Content\"";
				DEVELOPMENT_TEAM = ZK5R34847G;
				ENABLE_PREVIEWS = YES;
				GENERATE_INFOPLIST_FILE = YES;
				INFOPLIST_FILE = Travner/Info.plist;
				INFOPLIST_KEY_UIApplicationSceneManifest_Generation = YES;
				INFOPLIST_KEY_UIApplicationSupportsIndirectInputEvents = YES;
				INFOPLIST_KEY_UILaunchScreen_Generation = YES;
				INFOPLIST_KEY_UISupportedInterfaceOrientations_iPad = "UIInterfaceOrientationPortrait UIInterfaceOrientationPortraitUpsideDown UIInterfaceOrientationLandscapeLeft UIInterfaceOrientationLandscapeRight";
				INFOPLIST_KEY_UISupportedInterfaceOrientations_iPhone = "UIInterfaceOrientationPortrait UIInterfaceOrientationLandscapeLeft UIInterfaceOrientationLandscapeRight";
				LD_RUNPATH_SEARCH_PATHS = (
					"$(inherited)",
					"@executable_path/Frameworks",
				);
				MARKETING_VERSION = 1.0;
				PRODUCT_BUNDLE_IDENTIFIER = com.mazzalins.Travner;
				PRODUCT_NAME = "$(TARGET_NAME)";
				SWIFT_EMIT_LOC_STRINGS = YES;
				SWIFT_VERSION = 5.0;
				TARGETED_DEVICE_FAMILY = "1,2";
			};
			name = Debug;
		};
		8AAEBB8A281995B7002A5B8F /* Release */ = {
			isa = XCBuildConfiguration;
			buildSettings = {
				ASSETCATALOG_COMPILER_APPICON_NAME = AppIcon;
				ASSETCATALOG_COMPILER_GLOBAL_ACCENT_COLOR_NAME = AccentColor;
				CODE_SIGN_STYLE = Automatic;
				CURRENT_PROJECT_VERSION = 1;
				DEVELOPMENT_ASSET_PATHS = "\"Travner/Preview Content\"";
				DEVELOPMENT_TEAM = ZK5R34847G;
				ENABLE_PREVIEWS = YES;
				GENERATE_INFOPLIST_FILE = YES;
				INFOPLIST_FILE = Travner/Info.plist;
				INFOPLIST_KEY_UIApplicationSceneManifest_Generation = YES;
				INFOPLIST_KEY_UIApplicationSupportsIndirectInputEvents = YES;
				INFOPLIST_KEY_UILaunchScreen_Generation = YES;
				INFOPLIST_KEY_UISupportedInterfaceOrientations_iPad = "UIInterfaceOrientationPortrait UIInterfaceOrientationPortraitUpsideDown UIInterfaceOrientationLandscapeLeft UIInterfaceOrientationLandscapeRight";
				INFOPLIST_KEY_UISupportedInterfaceOrientations_iPhone = "UIInterfaceOrientationPortrait UIInterfaceOrientationLandscapeLeft UIInterfaceOrientationLandscapeRight";
				LD_RUNPATH_SEARCH_PATHS = (
					"$(inherited)",
					"@executable_path/Frameworks",
				);
				MARKETING_VERSION = 1.0;
				PRODUCT_BUNDLE_IDENTIFIER = com.mazzalins.Travner;
				PRODUCT_NAME = "$(TARGET_NAME)";
				SWIFT_EMIT_LOC_STRINGS = YES;
				SWIFT_VERSION = 5.0;
				TARGETED_DEVICE_FAMILY = "1,2";
			};
			name = Release;
		};
/* End XCBuildConfiguration section */

/* Begin XCConfigurationList section */
		8AAEBB75281995B1002A5B8F /* Build configuration list for PBXProject "Travner" */ = {
			isa = XCConfigurationList;
			buildConfigurations = (
				8AAEBB86281995B7002A5B8F /* Debug */,
				8AAEBB87281995B7002A5B8F /* Release */,
			);
			defaultConfigurationIsVisible = 0;
			defaultConfigurationName = Release;
		};
		8AAEBB88281995B7002A5B8F /* Build configuration list for PBXNativeTarget "Travner" */ = {
			isa = XCConfigurationList;
			buildConfigurations = (
				8AAEBB89281995B7002A5B8F /* Debug */,
				8AAEBB8A281995B7002A5B8F /* Release */,
			);
			defaultConfigurationIsVisible = 0;
			defaultConfigurationName = Release;
		};
/* End XCConfigurationList section */

/* Begin XCVersionGroup section */
		8AAEBB8B2819DBC2002A5B8F /* Main.xcdatamodeld */ = {
			isa = XCVersionGroup;
			children = (
				8AAEBB8C2819DBC2002A5B8F /* Main.xcdatamodel */,
			);
			currentVersion = 8AAEBB8C2819DBC2002A5B8F /* Main.xcdatamodel */;
			path = Main.xcdatamodeld;
			sourceTree = "<group>";
			versionGroupType = wrapper.xcdatamodel;
		};
/* End XCVersionGroup section */
	};
	rootObject = 8AAEBB72281995B1002A5B8F /* Project object */;
}
