// !$*UTF8*$!
{
	archiveVersion = 1;
	classes = {
	};
	objectVersion = 55;
	objects = {

/* Begin PBXBuildFile section */
		8A18162E2820599A00C7F55B /* ProjectsViewModel.swift in Sources */ = {isa = PBXBuildFile; fileRef = 8A18162D2820599A00C7F55B /* ProjectsViewModel.swift */; };
		8A1816302820767400C7F55B /* HomeViewModel.swift in Sources */ = {isa = PBXBuildFile; fileRef = 8A18162F2820767400C7F55B /* HomeViewModel.swift */; };
		8A2DE5622823582400CCFF42 /* WidgetKit.framework in Frameworks */ = {isa = PBXBuildFile; fileRef = 8A2DE5612823582400CCFF42 /* WidgetKit.framework */; };
		8A2DE5642823582400CCFF42 /* SwiftUI.framework in Frameworks */ = {isa = PBXBuildFile; fileRef = 8A2DE5632823582400CCFF42 /* SwiftUI.framework */; };
		8A2DE5672823582400CCFF42 /* TravnerWidget.swift in Sources */ = {isa = PBXBuildFile; fileRef = 8A2DE5662823582400CCFF42 /* TravnerWidget.swift */; };
		8A2DE5692823582700CCFF42 /* Assets.xcassets in Resources */ = {isa = PBXBuildFile; fileRef = 8A2DE5682823582700CCFF42 /* Assets.xcassets */; };
		8A2DE56D2823582700CCFF42 /* TravnerWidgetExtension.appex in Embed App Extensions */ = {isa = PBXBuildFile; fileRef = 8A2DE55F2823582400CCFF42 /* TravnerWidgetExtension.appex */; settings = {ATTRIBUTES = (RemoveHeadersOnCopy, ); }; };
		8A2DE572282358C700CCFF42 /* Main.xcdatamodeld in Sources */ = {isa = PBXBuildFile; fileRef = 8AAEBB8B2819DBC2002A5B8F /* Main.xcdatamodeld */; };
		8A2DE573282358D300CCFF42 /* Item-CoreDataHelpers.swift in Sources */ = {isa = PBXBuildFile; fileRef = 8AAEBB952819E097002A5B8F /* Item-CoreDataHelpers.swift */; };
		8A2DE574282358D600CCFF42 /* DataController.swift in Sources */ = {isa = PBXBuildFile; fileRef = 8AAEBB8E2819DCC4002A5B8F /* DataController.swift */; };
		8A2DE576282358F500CCFF42 /* DataController-Reminders.swift in Sources */ = {isa = PBXBuildFile; fileRef = 8A2DE575282358F500CCFF42 /* DataController-Reminders.swift */; };
		8A2DE5782823592100CCFF42 /* DataController-Awards.swift in Sources */ = {isa = PBXBuildFile; fileRef = 8A2DE5772823592100CCFF42 /* DataController-Awards.swift */; };
		8A2DE57A2823596700CCFF42 /* DataController-StoreKit.swift in Sources */ = {isa = PBXBuildFile; fileRef = 8A2DE5792823596700CCFF42 /* DataController-StoreKit.swift */; };
		8A3BD8D028237302009481FC /* Colors.xcassets in Resources */ = {isa = PBXBuildFile; fileRef = 8A6040E2281A00C500794895 /* Colors.xcassets */; };
		8A3BD8D12823730A009481FC /* Project-CoreDataHelpers.swift in Sources */ = {isa = PBXBuildFile; fileRef = 8AAEBB972819E489002A5B8F /* Project-CoreDataHelpers.swift */; };
		8A3BD8D228237312009481FC /* Sequence-Sorting.swift in Sources */ = {isa = PBXBuildFile; fileRef = 8AFF6360281BB632006587AD /* Sequence-Sorting.swift */; };
		8A3BD8D4282377D5009481FC /* DataProvider.swift in Sources */ = {isa = PBXBuildFile; fileRef = 8A3BD8D3282377D5009481FC /* DataProvider.swift */; };
		8A3BD8D628237812009481FC /* SimpleWidget.swift in Sources */ = {isa = PBXBuildFile; fileRef = 8A3BD8D528237812009481FC /* SimpleWidget.swift */; };
		8A3BD8D82823785A009481FC /* ComplexWidget.swift in Sources */ = {isa = PBXBuildFile; fileRef = 8A3BD8D72823785A009481FC /* ComplexWidget.swift */; };
		8A40285D28207B8A00A4BE99 /* ItemRowViewModel.swift in Sources */ = {isa = PBXBuildFile; fileRef = 8A40285C28207B8A00A4BE99 /* ItemRowViewModel.swift */; };
		8A6040DB2819F72D00794895 /* EditItemView.swift in Sources */ = {isa = PBXBuildFile; fileRef = 8A6040DA2819F72D00794895 /* EditItemView.swift */; };
		8A6040DD2819F81C00794895 /* ItemRowView.swift in Sources */ = {isa = PBXBuildFile; fileRef = 8A6040DC2819F81C00794895 /* ItemRowView.swift */; };
		8A6040DF2819F8EC00794895 /* Binding-OnChange.swift in Sources */ = {isa = PBXBuildFile; fileRef = 8A6040DE2819F8EC00794895 /* Binding-OnChange.swift */; };
		8A6040E12819FFF700794895 /* ProjectHeaderView.swift in Sources */ = {isa = PBXBuildFile; fileRef = 8A6040E02819FFF700794895 /* ProjectHeaderView.swift */; };
		8A6040E3281A00C500794895 /* Colors.xcassets in Resources */ = {isa = PBXBuildFile; fileRef = 8A6040E2281A00C500794895 /* Colors.xcassets */; };
		8A6040E5281A010400794895 /* EditProjectView.swift in Sources */ = {isa = PBXBuildFile; fileRef = 8A6040E4281A010400794895 /* EditProjectView.swift */; };
		8A75A71C281F090100DC7666 /* ProjectTests.swift in Sources */ = {isa = PBXBuildFile; fileRef = 8A75A71B281F090100DC7666 /* ProjectTests.swift */; };
		8A75A71E281F11D000DC7666 /* AwardTests.swift in Sources */ = {isa = PBXBuildFile; fileRef = 8A75A71D281F11CF00DC7666 /* AwardTests.swift */; };
		8A75A720281F162C00DC7666 /* DevelopmentTests.swift in Sources */ = {isa = PBXBuildFile; fileRef = 8A75A71F281F162C00DC7666 /* DevelopmentTests.swift */; };
		8A75A722281F1E0500DC7666 /* ExtensionTests.swift in Sources */ = {isa = PBXBuildFile; fileRef = 8A75A721281F1E0500DC7666 /* ExtensionTests.swift */; };
		8A75A725281F1FE500DC7666 /* DecodableDictionary.json in Resources */ = {isa = PBXBuildFile; fileRef = 8A75A724281F1FE500DC7666 /* DecodableDictionary.json */; };
		8A75A727281F1FFB00DC7666 /* DecodableString.json in Resources */ = {isa = PBXBuildFile; fileRef = 8A75A726281F1FFB00DC7666 /* DecodableString.json */; };
		8A75A729281F22DB00DC7666 /* PerformanceTests.swift in Sources */ = {isa = PBXBuildFile; fileRef = 8A75A728281F22DB00DC7666 /* PerformanceTests.swift */; };
		8A8116512822FF78005C9CB1 /* AppDelegate.swift in Sources */ = {isa = PBXBuildFile; fileRef = 8A8116502822FF78005C9CB1 /* AppDelegate.swift */; };
		8A8116532822FF83005C9CB1 /* SceneDelegate.swift in Sources */ = {isa = PBXBuildFile; fileRef = 8A8116522822FF83005C9CB1 /* SceneDelegate.swift */; };
		8A882C90281D0D85004AA220 /* Localizable.strings in Resources */ = {isa = PBXBuildFile; fileRef = 8A882C92281D0D85004AA220 /* Localizable.strings */; };
		8A882C94281D0ED8004AA220 /* Localizable.stringsdict in Resources */ = {isa = PBXBuildFile; fileRef = 8A882C96281D0ED8004AA220 /* Localizable.stringsdict */; };
		8A882C98281D1059004AA220 /* Awards.json in Resources */ = {isa = PBXBuildFile; fileRef = 8A882C9A281D1059004AA220 /* Awards.json */; };
		8A882C9D281D7F14004AA220 /* ItemListView.swift in Sources */ = {isa = PBXBuildFile; fileRef = 8A882C9C281D7F14004AA220 /* ItemListView.swift */; };
		8A882C9F281D7FFA004AA220 /* ProjectSummaryView.swift in Sources */ = {isa = PBXBuildFile; fileRef = 8A882C9E281D7FFA004AA220 /* ProjectSummaryView.swift */; };
		8A9019F5281C31B900490A76 /* Color-Additions.swift in Sources */ = {isa = PBXBuildFile; fileRef = 8A9019F4281C31B900490A76 /* Color-Additions.swift */; };
		8A948386281F2D2C003EA463 /* TravnerUITests.swift in Sources */ = {isa = PBXBuildFile; fileRef = 8A948385281F2D2C003EA463 /* TravnerUITests.swift */; };
		8A96C0B828218D7B00336052 /* UnlockManager.swift in Sources */ = {isa = PBXBuildFile; fileRef = 8A96C0B728218D7B00336052 /* UnlockManager.swift */; };
		8AAEBB7E281995B1002A5B8F /* TravnerApp.swift in Sources */ = {isa = PBXBuildFile; fileRef = 8AAEBB7D281995B1002A5B8F /* TravnerApp.swift */; };
		8AAEBB80281995B1002A5B8F /* ContentView.swift in Sources */ = {isa = PBXBuildFile; fileRef = 8AAEBB7F281995B1002A5B8F /* ContentView.swift */; };
		8AAEBB82281995B7002A5B8F /* Assets.xcassets in Resources */ = {isa = PBXBuildFile; fileRef = 8AAEBB81281995B7002A5B8F /* Assets.xcassets */; };
		8AAEBB85281995B7002A5B8F /* Preview Assets.xcassets in Resources */ = {isa = PBXBuildFile; fileRef = 8AAEBB84281995B7002A5B8F /* Preview Assets.xcassets */; };
		8AAEBB8D2819DBC2002A5B8F /* Main.xcdatamodeld in Sources */ = {isa = PBXBuildFile; fileRef = 8AAEBB8B2819DBC2002A5B8F /* Main.xcdatamodeld */; };
		8AAEBB8F2819DCC4002A5B8F /* DataController.swift in Sources */ = {isa = PBXBuildFile; fileRef = 8AAEBB8E2819DCC4002A5B8F /* DataController.swift */; };
		8AAEBB922819DE19002A5B8F /* HomeView.swift in Sources */ = {isa = PBXBuildFile; fileRef = 8AAEBB912819DE19002A5B8F /* HomeView.swift */; };
		8AAEBB942819DFE8002A5B8F /* ProjectsView.swift in Sources */ = {isa = PBXBuildFile; fileRef = 8AAEBB932819DFE8002A5B8F /* ProjectsView.swift */; };
		8AAEBB962819E097002A5B8F /* Item-CoreDataHelpers.swift in Sources */ = {isa = PBXBuildFile; fileRef = 8AAEBB952819E097002A5B8F /* Item-CoreDataHelpers.swift */; };
		8AAEBB982819E489002A5B8F /* Project-CoreDataHelpers.swift in Sources */ = {isa = PBXBuildFile; fileRef = 8AAEBB972819E489002A5B8F /* Project-CoreDataHelpers.swift */; };
		8AC9FDA92825D3BC00D6AFC4 /* SharedProject.swift in Sources */ = {isa = PBXBuildFile; fileRef = 8AC9FDA82825D3BC00D6AFC4 /* SharedProject.swift */; };
		8AC9FDAB2825D3D200D6AFC4 /* SharedItem.swift in Sources */ = {isa = PBXBuildFile; fileRef = 8AC9FDAA2825D3D200D6AFC4 /* SharedItem.swift */; };
		8AC9FDAD2825D3E400D6AFC4 /* LoadStates.swift in Sources */ = {isa = PBXBuildFile; fileRef = 8AC9FDAC2825D3E400D6AFC4 /* LoadStates.swift */; };
		8AC9FDB02825D4E600D6AFC4 /* SharedProjectsView.swift in Sources */ = {isa = PBXBuildFile; fileRef = 8AC9FDAF2825D4E600D6AFC4 /* SharedProjectsView.swift */; };
		8AC9FDB22825D77700D6AFC4 /* SharedItemsView.swift in Sources */ = {isa = PBXBuildFile; fileRef = 8AC9FDB12825D77700D6AFC4 /* SharedItemsView.swift */; };
		8AC9FDB42825E84600D6AFC4 /* SignInView.swift in Sources */ = {isa = PBXBuildFile; fileRef = 8AC9FDB32825E84600D6AFC4 /* SignInView.swift */; };
		8AC9FDB62826007700D6AFC4 /* ChatMessage.swift in Sources */ = {isa = PBXBuildFile; fileRef = 8AC9FDB52826007700D6AFC4 /* ChatMessage.swift */; };
		8AC9FDB828260DEA00D6AFC4 /* Error-CloudKitMessages.swift in Sources */ = {isa = PBXBuildFile; fileRef = 8AC9FDB728260DEA00D6AFC4 /* Error-CloudKitMessages.swift */; };
		8AC9FDBA2826131900D6AFC4 /* CloudError.swift in Sources */ = {isa = PBXBuildFile; fileRef = 8AC9FDB92826131900D6AFC4 /* CloudError.swift */; };
		8AD49731282AE92B000C44A7 /* CloudKit.framework in Frameworks */ = {isa = PBXBuildFile; fileRef = 8AD49730282AE92B000C44A7 /* CloudKit.framework */; };
		8AE0078D281E94850084A75F /* TravnerTests.swift in Sources */ = {isa = PBXBuildFile; fileRef = 8AE0078C281E94850084A75F /* TravnerTests.swift */; };
		8AE00794281E99E30084A75F /* AssetTests.swift in Sources */ = {isa = PBXBuildFile; fileRef = 8AE00793281E99E30084A75F /* AssetTests.swift */; };
		8AFF01EF28219FE5001FAC18 /* SKProduct-LocalizedPrice.swift in Sources */ = {isa = PBXBuildFile; fileRef = 8AFF01EE28219FE5001FAC18 /* SKProduct-LocalizedPrice.swift */; };
		8AFF01F12821A038001FAC18 /* PurchaseButton.swift in Sources */ = {isa = PBXBuildFile; fileRef = 8AFF01F02821A038001FAC18 /* PurchaseButton.swift */; };
		8AFF01F32821A054001FAC18 /* ProductView.swift in Sources */ = {isa = PBXBuildFile; fileRef = 8AFF01F22821A054001FAC18 /* ProductView.swift */; };
		8AFF01F52821A095001FAC18 /* UnlockView.swift in Sources */ = {isa = PBXBuildFile; fileRef = 8AFF01F42821A095001FAC18 /* UnlockView.swift */; };
		8AFF6361281BB632006587AD /* Sequence-Sorting.swift in Sources */ = {isa = PBXBuildFile; fileRef = 8AFF6360281BB632006587AD /* Sequence-Sorting.swift */; };
		8AFF6363281BC0BF006587AD /* SelectSomethingView.swift in Sources */ = {isa = PBXBuildFile; fileRef = 8AFF6362281BC0BF006587AD /* SelectSomethingView.swift */; };
		8AFF6365281BF072006587AD /* Bundle-Decodable.swift in Sources */ = {isa = PBXBuildFile; fileRef = 8AFF6364281BF072006587AD /* Bundle-Decodable.swift */; };
		8AFF6369281BF0B8006587AD /* Award.swift in Sources */ = {isa = PBXBuildFile; fileRef = 8AFF6368281BF0B8006587AD /* Award.swift */; };
		8AFF636B281BF0DC006587AD /* AwardsView.swift in Sources */ = {isa = PBXBuildFile; fileRef = 8AFF636A281BF0DC006587AD /* AwardsView.swift */; };
/* End PBXBuildFile section */

/* Begin PBXContainerItemProxy section */
		8A2DE56B2823582700CCFF42 /* PBXContainerItemProxy */ = {
			isa = PBXContainerItemProxy;
			containerPortal = 8AAEBB72281995B1002A5B8F /* Project object */;
			proxyType = 1;
			remoteGlobalIDString = 8A2DE55E2823582400CCFF42;
			remoteInfo = TravnerWidgetExtension;
		};
		8A948389281F2D2C003EA463 /* PBXContainerItemProxy */ = {
			isa = PBXContainerItemProxy;
			containerPortal = 8AAEBB72281995B1002A5B8F /* Project object */;
			proxyType = 1;
			remoteGlobalIDString = 8AAEBB79281995B1002A5B8F;
			remoteInfo = Travner;
		};
		8AE0078E281E94850084A75F /* PBXContainerItemProxy */ = {
			isa = PBXContainerItemProxy;
			containerPortal = 8AAEBB72281995B1002A5B8F /* Project object */;
			proxyType = 1;
			remoteGlobalIDString = 8AAEBB79281995B1002A5B8F;
			remoteInfo = Travner;
		};
/* End PBXContainerItemProxy section */

/* Begin PBXCopyFilesBuildPhase section */
		8A2DE56E2823582700CCFF42 /* Embed App Extensions */ = {
			isa = PBXCopyFilesBuildPhase;
			buildActionMask = 2147483647;
			dstPath = "";
			dstSubfolderSpec = 13;
			files = (
				8A2DE56D2823582700CCFF42 /* TravnerWidgetExtension.appex in Embed App Extensions */,
			);
			name = "Embed App Extensions";
			runOnlyForDeploymentPostprocessing = 0;
		};
/* End PBXCopyFilesBuildPhase section */

/* Begin PBXFileReference section */
		8A18162D2820599A00C7F55B /* ProjectsViewModel.swift */ = {isa = PBXFileReference; lastKnownFileType = sourcecode.swift; path = ProjectsViewModel.swift; sourceTree = "<group>"; };
		8A18162F2820767400C7F55B /* HomeViewModel.swift */ = {isa = PBXFileReference; lastKnownFileType = sourcecode.swift; path = HomeViewModel.swift; sourceTree = "<group>"; };
		8A2DE55F2823582400CCFF42 /* TravnerWidgetExtension.appex */ = {isa = PBXFileReference; explicitFileType = "wrapper.app-extension"; includeInIndex = 0; path = TravnerWidgetExtension.appex; sourceTree = BUILT_PRODUCTS_DIR; };
		8A2DE5612823582400CCFF42 /* WidgetKit.framework */ = {isa = PBXFileReference; lastKnownFileType = wrapper.framework; name = WidgetKit.framework; path = System/Library/Frameworks/WidgetKit.framework; sourceTree = SDKROOT; };
		8A2DE5632823582400CCFF42 /* SwiftUI.framework */ = {isa = PBXFileReference; lastKnownFileType = wrapper.framework; name = SwiftUI.framework; path = System/Library/Frameworks/SwiftUI.framework; sourceTree = SDKROOT; };
		8A2DE5662823582400CCFF42 /* TravnerWidget.swift */ = {isa = PBXFileReference; lastKnownFileType = sourcecode.swift; path = TravnerWidget.swift; sourceTree = "<group>"; };
		8A2DE5682823582700CCFF42 /* Assets.xcassets */ = {isa = PBXFileReference; lastKnownFileType = folder.assetcatalog; path = Assets.xcassets; sourceTree = "<group>"; };
		8A2DE56A2823582700CCFF42 /* Info.plist */ = {isa = PBXFileReference; lastKnownFileType = text.plist.xml; path = Info.plist; sourceTree = "<group>"; };
		8A2DE575282358F500CCFF42 /* DataController-Reminders.swift */ = {isa = PBXFileReference; lastKnownFileType = sourcecode.swift; path = "DataController-Reminders.swift"; sourceTree = "<group>"; };
		8A2DE5772823592100CCFF42 /* DataController-Awards.swift */ = {isa = PBXFileReference; lastKnownFileType = sourcecode.swift; path = "DataController-Awards.swift"; sourceTree = "<group>"; };
		8A2DE5792823596700CCFF42 /* DataController-StoreKit.swift */ = {isa = PBXFileReference; lastKnownFileType = sourcecode.swift; path = "DataController-StoreKit.swift"; sourceTree = "<group>"; };
		8A2DE57B28235A0100CCFF42 /* Travner.entitlements */ = {isa = PBXFileReference; lastKnownFileType = text.plist.entitlements; path = Travner.entitlements; sourceTree = "<group>"; };
		8A2DE57C28235A1200CCFF42 /* TravnerWidgetExtension.entitlements */ = {isa = PBXFileReference; lastKnownFileType = text.plist.entitlements; path = TravnerWidgetExtension.entitlements; sourceTree = "<group>"; };
		8A3BD8D3282377D5009481FC /* DataProvider.swift */ = {isa = PBXFileReference; lastKnownFileType = sourcecode.swift; path = DataProvider.swift; sourceTree = "<group>"; };
		8A3BD8D528237812009481FC /* SimpleWidget.swift */ = {isa = PBXFileReference; lastKnownFileType = sourcecode.swift; path = SimpleWidget.swift; sourceTree = "<group>"; };
		8A3BD8D72823785A009481FC /* ComplexWidget.swift */ = {isa = PBXFileReference; lastKnownFileType = sourcecode.swift; path = ComplexWidget.swift; sourceTree = "<group>"; };
		8A40285C28207B8A00A4BE99 /* ItemRowViewModel.swift */ = {isa = PBXFileReference; lastKnownFileType = sourcecode.swift; path = ItemRowViewModel.swift; sourceTree = "<group>"; };
		8A6040DA2819F72D00794895 /* EditItemView.swift */ = {isa = PBXFileReference; lastKnownFileType = sourcecode.swift; path = EditItemView.swift; sourceTree = "<group>"; };
		8A6040DC2819F81C00794895 /* ItemRowView.swift */ = {isa = PBXFileReference; lastKnownFileType = sourcecode.swift; path = ItemRowView.swift; sourceTree = "<group>"; };
		8A6040DE2819F8EC00794895 /* Binding-OnChange.swift */ = {isa = PBXFileReference; lastKnownFileType = sourcecode.swift; path = "Binding-OnChange.swift"; sourceTree = "<group>"; };
		8A6040E02819FFF700794895 /* ProjectHeaderView.swift */ = {isa = PBXFileReference; lastKnownFileType = sourcecode.swift; path = ProjectHeaderView.swift; sourceTree = "<group>"; };
		8A6040E2281A00C500794895 /* Colors.xcassets */ = {isa = PBXFileReference; lastKnownFileType = folder.assetcatalog; path = Colors.xcassets; sourceTree = "<group>"; };
		8A6040E4281A010400794895 /* EditProjectView.swift */ = {isa = PBXFileReference; lastKnownFileType = sourcecode.swift; path = EditProjectView.swift; sourceTree = "<group>"; };
		8A75A71B281F090100DC7666 /* ProjectTests.swift */ = {isa = PBXFileReference; lastKnownFileType = sourcecode.swift; path = ProjectTests.swift; sourceTree = "<group>"; };
		8A75A71D281F11CF00DC7666 /* AwardTests.swift */ = {isa = PBXFileReference; lastKnownFileType = sourcecode.swift; path = AwardTests.swift; sourceTree = "<group>"; };
		8A75A71F281F162C00DC7666 /* DevelopmentTests.swift */ = {isa = PBXFileReference; lastKnownFileType = sourcecode.swift; path = DevelopmentTests.swift; sourceTree = "<group>"; };
		8A75A721281F1E0500DC7666 /* ExtensionTests.swift */ = {isa = PBXFileReference; lastKnownFileType = sourcecode.swift; path = ExtensionTests.swift; sourceTree = "<group>"; };
		8A75A724281F1FE500DC7666 /* DecodableDictionary.json */ = {isa = PBXFileReference; lastKnownFileType = text.json; path = DecodableDictionary.json; sourceTree = "<group>"; };
		8A75A726281F1FFB00DC7666 /* DecodableString.json */ = {isa = PBXFileReference; lastKnownFileType = text.json; path = DecodableString.json; sourceTree = "<group>"; };
		8A75A728281F22DB00DC7666 /* PerformanceTests.swift */ = {isa = PBXFileReference; lastKnownFileType = sourcecode.swift; path = PerformanceTests.swift; sourceTree = "<group>"; };
		8A8116502822FF78005C9CB1 /* AppDelegate.swift */ = {isa = PBXFileReference; lastKnownFileType = sourcecode.swift; path = AppDelegate.swift; sourceTree = "<group>"; };
		8A8116522822FF83005C9CB1 /* SceneDelegate.swift */ = {isa = PBXFileReference; lastKnownFileType = sourcecode.swift; path = SceneDelegate.swift; sourceTree = "<group>"; };
		8A882C91281D0D85004AA220 /* en */ = {isa = PBXFileReference; lastKnownFileType = text.plist.strings; name = en; path = en.lproj/Localizable.strings; sourceTree = "<group>"; };
		8A882C93281D0D93004AA220 /* pt-BR */ = {isa = PBXFileReference; lastKnownFileType = text.plist.strings; name = "pt-BR"; path = "pt-BR.lproj/Localizable.strings"; sourceTree = "<group>"; };
		8A882C95281D0ED8004AA220 /* en */ = {isa = PBXFileReference; lastKnownFileType = text.plist.stringsdict; name = en; path = en.lproj/Localizable.stringsdict; sourceTree = "<group>"; };
		8A882C97281D0F30004AA220 /* pt-BR */ = {isa = PBXFileReference; lastKnownFileType = text.plist.stringsdict; name = "pt-BR"; path = "pt-BR.lproj/Localizable.stringsdict"; sourceTree = "<group>"; };
		8A882C99281D1059004AA220 /* en */ = {isa = PBXFileReference; lastKnownFileType = text.json; name = en; path = en.lproj/Awards.json; sourceTree = "<group>"; };
		8A882C9B281D105C004AA220 /* pt-BR */ = {isa = PBXFileReference; lastKnownFileType = text.json; name = "pt-BR"; path = "pt-BR.lproj/Awards.json"; sourceTree = "<group>"; };
		8A882C9C281D7F14004AA220 /* ItemListView.swift */ = {isa = PBXFileReference; lastKnownFileType = sourcecode.swift; path = ItemListView.swift; sourceTree = "<group>"; };
		8A882C9E281D7FFA004AA220 /* ProjectSummaryView.swift */ = {isa = PBXFileReference; lastKnownFileType = sourcecode.swift; path = ProjectSummaryView.swift; sourceTree = "<group>"; };
		8A9019F4281C31B900490A76 /* Color-Additions.swift */ = {isa = PBXFileReference; lastKnownFileType = sourcecode.swift; path = "Color-Additions.swift"; sourceTree = "<group>"; };
		8A948383281F2D2C003EA463 /* TravnerUITests.xctest */ = {isa = PBXFileReference; explicitFileType = wrapper.cfbundle; includeInIndex = 0; path = TravnerUITests.xctest; sourceTree = BUILT_PRODUCTS_DIR; };
		8A948385281F2D2C003EA463 /* TravnerUITests.swift */ = {isa = PBXFileReference; lastKnownFileType = sourcecode.swift; path = TravnerUITests.swift; sourceTree = "<group>"; };
		8A96C0B728218D7B00336052 /* UnlockManager.swift */ = {isa = PBXFileReference; lastKnownFileType = sourcecode.swift; path = UnlockManager.swift; sourceTree = "<group>"; };
		8A96C0B928218E1E00336052 /* Configuration.storekit */ = {isa = PBXFileReference; lastKnownFileType = text; path = Configuration.storekit; sourceTree = "<group>"; };
		8AAEBB7A281995B1002A5B8F /* Travner.app */ = {isa = PBXFileReference; explicitFileType = wrapper.application; includeInIndex = 0; path = Travner.app; sourceTree = BUILT_PRODUCTS_DIR; };
		8AAEBB7D281995B1002A5B8F /* TravnerApp.swift */ = {isa = PBXFileReference; lastKnownFileType = sourcecode.swift; path = TravnerApp.swift; sourceTree = "<group>"; };
		8AAEBB7F281995B1002A5B8F /* ContentView.swift */ = {isa = PBXFileReference; lastKnownFileType = sourcecode.swift; path = ContentView.swift; sourceTree = "<group>"; };
		8AAEBB81281995B7002A5B8F /* Assets.xcassets */ = {isa = PBXFileReference; lastKnownFileType = folder.assetcatalog; path = Assets.xcassets; sourceTree = "<group>"; };
		8AAEBB84281995B7002A5B8F /* Preview Assets.xcassets */ = {isa = PBXFileReference; lastKnownFileType = folder.assetcatalog; path = "Preview Assets.xcassets"; sourceTree = "<group>"; };
		8AAEBB8C2819DBC2002A5B8F /* Main.xcdatamodel */ = {isa = PBXFileReference; lastKnownFileType = wrapper.xcdatamodel; path = Main.xcdatamodel; sourceTree = "<group>"; };
		8AAEBB8E2819DCC4002A5B8F /* DataController.swift */ = {isa = PBXFileReference; lastKnownFileType = sourcecode.swift; path = DataController.swift; sourceTree = "<group>"; };
		8AAEBB902819DD3B002A5B8F /* Info.plist */ = {isa = PBXFileReference; lastKnownFileType = text.plist.xml; path = Info.plist; sourceTree = "<group>"; };
		8AAEBB912819DE19002A5B8F /* HomeView.swift */ = {isa = PBXFileReference; lastKnownFileType = sourcecode.swift; path = HomeView.swift; sourceTree = "<group>"; };
		8AAEBB932819DFE8002A5B8F /* ProjectsView.swift */ = {isa = PBXFileReference; lastKnownFileType = sourcecode.swift; path = ProjectsView.swift; sourceTree = "<group>"; };
		8AAEBB952819E097002A5B8F /* Item-CoreDataHelpers.swift */ = {isa = PBXFileReference; lastKnownFileType = sourcecode.swift; path = "Item-CoreDataHelpers.swift"; sourceTree = "<group>"; };
		8AAEBB972819E489002A5B8F /* Project-CoreDataHelpers.swift */ = {isa = PBXFileReference; lastKnownFileType = sourcecode.swift; path = "Project-CoreDataHelpers.swift"; sourceTree = "<group>"; };
		8AC9FDA82825D3BC00D6AFC4 /* SharedProject.swift */ = {isa = PBXFileReference; lastKnownFileType = sourcecode.swift; path = SharedProject.swift; sourceTree = "<group>"; };
		8AC9FDAA2825D3D200D6AFC4 /* SharedItem.swift */ = {isa = PBXFileReference; lastKnownFileType = sourcecode.swift; path = SharedItem.swift; sourceTree = "<group>"; };
		8AC9FDAC2825D3E400D6AFC4 /* LoadStates.swift */ = {isa = PBXFileReference; lastKnownFileType = sourcecode.swift; path = LoadStates.swift; sourceTree = "<group>"; };
		8AC9FDAF2825D4E600D6AFC4 /* SharedProjectsView.swift */ = {isa = PBXFileReference; lastKnownFileType = sourcecode.swift; path = SharedProjectsView.swift; sourceTree = "<group>"; };
		8AC9FDB12825D77700D6AFC4 /* SharedItemsView.swift */ = {isa = PBXFileReference; lastKnownFileType = sourcecode.swift; path = SharedItemsView.swift; sourceTree = "<group>"; };
		8AC9FDB32825E84600D6AFC4 /* SignInView.swift */ = {isa = PBXFileReference; lastKnownFileType = sourcecode.swift; path = SignInView.swift; sourceTree = "<group>"; };
		8AC9FDB52826007700D6AFC4 /* ChatMessage.swift */ = {isa = PBXFileReference; lastKnownFileType = sourcecode.swift; path = ChatMessage.swift; sourceTree = "<group>"; };
		8AC9FDB728260DEA00D6AFC4 /* Error-CloudKitMessages.swift */ = {isa = PBXFileReference; lastKnownFileType = sourcecode.swift; path = "Error-CloudKitMessages.swift"; sourceTree = "<group>"; };
		8AC9FDB92826131900D6AFC4 /* CloudError.swift */ = {isa = PBXFileReference; lastKnownFileType = sourcecode.swift; path = CloudError.swift; sourceTree = "<group>"; };
		8AD49730282AE92B000C44A7 /* CloudKit.framework */ = {isa = PBXFileReference; lastKnownFileType = wrapper.framework; name = CloudKit.framework; path = System/Library/Frameworks/CloudKit.framework; sourceTree = SDKROOT; };
		8AE0078A281E94850084A75F /* TravnerTests.xctest */ = {isa = PBXFileReference; explicitFileType = wrapper.cfbundle; includeInIndex = 0; path = TravnerTests.xctest; sourceTree = BUILT_PRODUCTS_DIR; };
		8AE0078C281E94850084A75F /* TravnerTests.swift */ = {isa = PBXFileReference; lastKnownFileType = sourcecode.swift; path = TravnerTests.swift; sourceTree = "<group>"; };
		8AE00793281E99E30084A75F /* AssetTests.swift */ = {isa = PBXFileReference; lastKnownFileType = sourcecode.swift; path = AssetTests.swift; sourceTree = "<group>"; };
		8AFF01EE28219FE5001FAC18 /* SKProduct-LocalizedPrice.swift */ = {isa = PBXFileReference; lastKnownFileType = sourcecode.swift; path = "SKProduct-LocalizedPrice.swift"; sourceTree = "<group>"; };
		8AFF01F02821A038001FAC18 /* PurchaseButton.swift */ = {isa = PBXFileReference; lastKnownFileType = sourcecode.swift; path = PurchaseButton.swift; sourceTree = "<group>"; };
		8AFF01F22821A054001FAC18 /* ProductView.swift */ = {isa = PBXFileReference; lastKnownFileType = sourcecode.swift; path = ProductView.swift; sourceTree = "<group>"; };
		8AFF01F42821A095001FAC18 /* UnlockView.swift */ = {isa = PBXFileReference; lastKnownFileType = sourcecode.swift; path = UnlockView.swift; sourceTree = "<group>"; };
		8AFF6360281BB632006587AD /* Sequence-Sorting.swift */ = {isa = PBXFileReference; lastKnownFileType = sourcecode.swift; path = "Sequence-Sorting.swift"; sourceTree = "<group>"; };
		8AFF6362281BC0BF006587AD /* SelectSomethingView.swift */ = {isa = PBXFileReference; lastKnownFileType = sourcecode.swift; path = SelectSomethingView.swift; sourceTree = "<group>"; };
		8AFF6364281BF072006587AD /* Bundle-Decodable.swift */ = {isa = PBXFileReference; lastKnownFileType = sourcecode.swift; path = "Bundle-Decodable.swift"; sourceTree = "<group>"; };
		8AFF6368281BF0B8006587AD /* Award.swift */ = {isa = PBXFileReference; lastKnownFileType = sourcecode.swift; path = Award.swift; sourceTree = "<group>"; };
		8AFF636A281BF0DC006587AD /* AwardsView.swift */ = {isa = PBXFileReference; lastKnownFileType = sourcecode.swift; path = AwardsView.swift; sourceTree = "<group>"; };
/* End PBXFileReference section */

/* Begin PBXFrameworksBuildPhase section */
		8A2DE55C2823582400CCFF42 /* Frameworks */ = {
			isa = PBXFrameworksBuildPhase;
			buildActionMask = 2147483647;
			files = (
				8A2DE5642823582400CCFF42 /* SwiftUI.framework in Frameworks */,
				8A2DE5622823582400CCFF42 /* WidgetKit.framework in Frameworks */,
			);
			runOnlyForDeploymentPostprocessing = 0;
		};
		8A948380281F2D2C003EA463 /* Frameworks */ = {
			isa = PBXFrameworksBuildPhase;
			buildActionMask = 2147483647;
			files = (
			);
			runOnlyForDeploymentPostprocessing = 0;
		};
		8AAEBB77281995B1002A5B8F /* Frameworks */ = {
			isa = PBXFrameworksBuildPhase;
			buildActionMask = 2147483647;
			files = (
				8AD49731282AE92B000C44A7 /* CloudKit.framework in Frameworks */,
			);
			runOnlyForDeploymentPostprocessing = 0;
		};
		8AE00787281E94850084A75F /* Frameworks */ = {
			isa = PBXFrameworksBuildPhase;
			buildActionMask = 2147483647;
			files = (
			);
			runOnlyForDeploymentPostprocessing = 0;
		};
/* End PBXFrameworksBuildPhase section */

/* Begin PBXGroup section */
		8A2DE5602823582400CCFF42 /* Frameworks */ = {
			isa = PBXGroup;
			children = (
				8AD49730282AE92B000C44A7 /* CloudKit.framework */,
				8A2DE5612823582400CCFF42 /* WidgetKit.framework */,
				8A2DE5632823582400CCFF42 /* SwiftUI.framework */,
			);
			name = Frameworks;
			sourceTree = "<group>";
		};
		8A2DE5652823582400CCFF42 /* TravnerWidget */ = {
			isa = PBXGroup;
			children = (
				8A2DE5662823582400CCFF42 /* TravnerWidget.swift */,
				8A3BD8D528237812009481FC /* SimpleWidget.swift */,
				8A3BD8D72823785A009481FC /* ComplexWidget.swift */,
				8A3BD8D3282377D5009481FC /* DataProvider.swift */,
				8A2DE5682823582700CCFF42 /* Assets.xcassets */,
				8A2DE56A2823582700CCFF42 /* Info.plist */,
				8A2DE57C28235A1200CCFF42 /* TravnerWidgetExtension.entitlements */,
			);
			path = TravnerWidget;
			sourceTree = "<group>";
		};
		8A75A723281F1F1D00DC7666 /* Fixtures */ = {
			isa = PBXGroup;
			children = (
				8A75A724281F1FE500DC7666 /* DecodableDictionary.json */,
				8A75A726281F1FFB00DC7666 /* DecodableString.json */,
			);
			path = Fixtures;
			sourceTree = "<group>";
		};
		8A7B2F11281DAA9A005DE487 /* Extensions */ = {
			isa = PBXGroup;
			children = (
				8A6040DE2819F8EC00794895 /* Binding-OnChange.swift */,
				8AC9FDB728260DEA00D6AFC4 /* Error-CloudKitMessages.swift */,
				8AFF6360281BB632006587AD /* Sequence-Sorting.swift */,
				8AFF6364281BF072006587AD /* Bundle-Decodable.swift */,
				8A9019F4281C31B900490A76 /* Color-Additions.swift */,
				8AAEBB952819E097002A5B8F /* Item-CoreDataHelpers.swift */,
				8AAEBB972819E489002A5B8F /* Project-CoreDataHelpers.swift */,
				8AFF01EE28219FE5001FAC18 /* SKProduct-LocalizedPrice.swift */,
			);
			path = Extensions;
			sourceTree = "<group>";
		};
		8A7B2F12281DAAAA005DE487 /* Localization */ = {
			isa = PBXGroup;
			children = (
				8A882C92281D0D85004AA220 /* Localizable.strings */,
				8A882C96281D0ED8004AA220 /* Localizable.stringsdict */,
			);
			path = Localization;
			sourceTree = "<group>";
		};
		8A7B2F13281DAABF005DE487 /* Configuration */ = {
			isa = PBXGroup;
			children = (
				8AAEBB902819DD3B002A5B8F /* Info.plist */,
				8AAEBB8B2819DBC2002A5B8F /* Main.xcdatamodeld */,
				8A96C0B928218E1E00336052 /* Configuration.storekit */,
				8A2DE57B28235A0100CCFF42 /* Travner.entitlements */,
			);
			path = Configuration;
			sourceTree = "<group>";
		};
		8A7B2F14281DABAF005DE487 /* Activities */ = {
			isa = PBXGroup;
			children = (
				8A7B2F15281DABB6005DE487 /* Home */,
				8A7B2F16281DABBA005DE487 /* Projects */,
				8A7B2F17281DABBF005DE487 /* Awards */,
				8AFF01F62821A5F4001FAC18 /* Unlock */,
				8AC9FDAE2825D40300D6AFC4 /* Community */,
				8AC9FDB92826131900D6AFC4 /* CloudError.swift */,
			);
			path = Activities;
			sourceTree = "<group>";
		};
		8A7B2F15281DABB6005DE487 /* Home */ = {
			isa = PBXGroup;
			children = (
				8AAEBB912819DE19002A5B8F /* HomeView.swift */,
				8A18162F2820767400C7F55B /* HomeViewModel.swift */,
				8A882C9C281D7F14004AA220 /* ItemListView.swift */,
				8A882C9E281D7FFA004AA220 /* ProjectSummaryView.swift */,
			);
			path = Home;
			sourceTree = "<group>";
		};
		8A7B2F16281DABBA005DE487 /* Projects */ = {
			isa = PBXGroup;
			children = (
				8AAEBB932819DFE8002A5B8F /* ProjectsView.swift */,
				8A18162D2820599A00C7F55B /* ProjectsViewModel.swift */,
				8AFF6362281BC0BF006587AD /* SelectSomethingView.swift */,
				8A6040E02819FFF700794895 /* ProjectHeaderView.swift */,
				8A6040DC2819F81C00794895 /* ItemRowView.swift */,
				8A40285C28207B8A00A4BE99 /* ItemRowViewModel.swift */,
				8A6040E4281A010400794895 /* EditProjectView.swift */,
				8A6040DA2819F72D00794895 /* EditItemView.swift */,
			);
			path = Projects;
			sourceTree = "<group>";
		};
		8A7B2F17281DABBF005DE487 /* Awards */ = {
			isa = PBXGroup;
			children = (
				8AFF636A281BF0DC006587AD /* AwardsView.swift */,
				8AFF6368281BF0B8006587AD /* Award.swift */,
				8A882C9A281D1059004AA220 /* Awards.json */,
			);
			path = Awards;
			sourceTree = "<group>";
		};
		8A948384281F2D2C003EA463 /* TravnerUITests */ = {
			isa = PBXGroup;
			children = (
				8A948385281F2D2C003EA463 /* TravnerUITests.swift */,
			);
			path = TravnerUITests;
			sourceTree = "<group>";
		};
		8AAEBB71281995B1002A5B8F = {
			isa = PBXGroup;
			children = (
				8AAEBB7C281995B1002A5B8F /* Travner */,
				8AE0078B281E94850084A75F /* TravnerTests */,
				8A948384281F2D2C003EA463 /* TravnerUITests */,
				8A2DE5652823582400CCFF42 /* TravnerWidget */,
				8A2DE5602823582400CCFF42 /* Frameworks */,
				8AAEBB7B281995B1002A5B8F /* Products */,
			);
			sourceTree = "<group>";
		};
		8AAEBB7B281995B1002A5B8F /* Products */ = {
			isa = PBXGroup;
			children = (
				8AAEBB7A281995B1002A5B8F /* Travner.app */,
				8AE0078A281E94850084A75F /* TravnerTests.xctest */,
				8A948383281F2D2C003EA463 /* TravnerUITests.xctest */,
				8A2DE55F2823582400CCFF42 /* TravnerWidgetExtension.appex */,
			);
			name = Products;
			sourceTree = "<group>";
		};
		8AAEBB7C281995B1002A5B8F /* Travner */ = {
			isa = PBXGroup;
			children = (
				8A7B2F14281DABAF005DE487 /* Activities */,
				8A7B2F11281DAA9A005DE487 /* Extensions */,
				8A7B2F12281DAAAA005DE487 /* Localization */,
				8A7B2F13281DAABF005DE487 /* Configuration */,
				8AAEBB7D281995B1002A5B8F /* TravnerApp.swift */,
				8A8116502822FF78005C9CB1 /* AppDelegate.swift */,
				8A8116522822FF83005C9CB1 /* SceneDelegate.swift */,
				8AAEBB8E2819DCC4002A5B8F /* DataController.swift */,
				8A2DE575282358F500CCFF42 /* DataController-Reminders.swift */,
				8A2DE5772823592100CCFF42 /* DataController-Awards.swift */,
				8A2DE5792823596700CCFF42 /* DataController-StoreKit.swift */,
				8AAEBB7F281995B1002A5B8F /* ContentView.swift */,
				8AAEBB81281995B7002A5B8F /* Assets.xcassets */,
				8A6040E2281A00C500794895 /* Colors.xcassets */,
				8AAEBB83281995B7002A5B8F /* Preview Content */,
			);
			path = Travner;
			sourceTree = "<group>";
		};
		8AAEBB83281995B7002A5B8F /* Preview Content */ = {
			isa = PBXGroup;
			children = (
				8AAEBB84281995B7002A5B8F /* Preview Assets.xcassets */,
			);
			path = "Preview Content";
			sourceTree = "<group>";
		};
		8AC9FDAE2825D40300D6AFC4 /* Community */ = {
			isa = PBXGroup;
			children = (
				8AC9FDAC2825D3E400D6AFC4 /* LoadStates.swift */,
				8AC9FDAA2825D3D200D6AFC4 /* SharedItem.swift */,
				8AC9FDA82825D3BC00D6AFC4 /* SharedProject.swift */,
				8AC9FDAF2825D4E600D6AFC4 /* SharedProjectsView.swift */,
				8AC9FDB32825E84600D6AFC4 /* SignInView.swift */,
				8AC9FDB12825D77700D6AFC4 /* SharedItemsView.swift */,
				8AC9FDB52826007700D6AFC4 /* ChatMessage.swift */,
			);
			path = Community;
			sourceTree = "<group>";
		};
		8AE0078B281E94850084A75F /* TravnerTests */ = {
			isa = PBXGroup;
			children = (
				8A75A723281F1F1D00DC7666 /* Fixtures */,
				8AE0078C281E94850084A75F /* TravnerTests.swift */,
				8AE00793281E99E30084A75F /* AssetTests.swift */,
				8A75A71B281F090100DC7666 /* ProjectTests.swift */,
				8A75A71D281F11CF00DC7666 /* AwardTests.swift */,
				8A75A71F281F162C00DC7666 /* DevelopmentTests.swift */,
				8A75A721281F1E0500DC7666 /* ExtensionTests.swift */,
				8A75A728281F22DB00DC7666 /* PerformanceTests.swift */,
			);
			path = TravnerTests;
			sourceTree = "<group>";
		};
		8AFF01F62821A5F4001FAC18 /* Unlock */ = {
			isa = PBXGroup;
			children = (
				8AFF01F22821A054001FAC18 /* ProductView.swift */,
				8AFF01F02821A038001FAC18 /* PurchaseButton.swift */,
				8A96C0B728218D7B00336052 /* UnlockManager.swift */,
				8AFF01F42821A095001FAC18 /* UnlockView.swift */,
			);
			path = Unlock;
			sourceTree = "<group>";
		};
/* End PBXGroup section */

/* Begin PBXNativeTarget section */
		8A2DE55E2823582400CCFF42 /* TravnerWidgetExtension */ = {
			isa = PBXNativeTarget;
			buildConfigurationList = 8A2DE5712823582700CCFF42 /* Build configuration list for PBXNativeTarget "TravnerWidgetExtension" */;
			buildPhases = (
				8A2DE55B2823582400CCFF42 /* Sources */,
				8A2DE55C2823582400CCFF42 /* Frameworks */,
				8A2DE55D2823582400CCFF42 /* Resources */,
			);
			buildRules = (
			);
			dependencies = (
			);
			name = TravnerWidgetExtension;
			productName = TravnerWidgetExtension;
			productReference = 8A2DE55F2823582400CCFF42 /* TravnerWidgetExtension.appex */;
			productType = "com.apple.product-type.app-extension";
		};
		8A948382281F2D2C003EA463 /* TravnerUITests */ = {
			isa = PBXNativeTarget;
			buildConfigurationList = 8A94838D281F2D2C003EA463 /* Build configuration list for PBXNativeTarget "TravnerUITests" */;
			buildPhases = (
				8A94837F281F2D2C003EA463 /* Sources */,
				8A948380281F2D2C003EA463 /* Frameworks */,
				8A948381281F2D2C003EA463 /* Resources */,
			);
			buildRules = (
			);
			dependencies = (
				8A94838A281F2D2C003EA463 /* PBXTargetDependency */,
			);
			name = TravnerUITests;
			productName = TravnerUITests;
			productReference = 8A948383281F2D2C003EA463 /* TravnerUITests.xctest */;
			productType = "com.apple.product-type.bundle.ui-testing";
		};
		8AAEBB79281995B1002A5B8F /* Travner */ = {
			isa = PBXNativeTarget;
			buildConfigurationList = 8AAEBB88281995B7002A5B8F /* Build configuration list for PBXNativeTarget "Travner" */;
			buildPhases = (
				8A7B2F0D281DA1EA005DE487 /* SwiftLint */,
				8AAEBB76281995B1002A5B8F /* Sources */,
				8AAEBB77281995B1002A5B8F /* Frameworks */,
				8AAEBB78281995B1002A5B8F /* Resources */,
				8A2DE56E2823582700CCFF42 /* Embed App Extensions */,
			);
			buildRules = (
			);
			dependencies = (
				8A2DE56C2823582700CCFF42 /* PBXTargetDependency */,
			);
			name = Travner;
			productName = Travner;
			productReference = 8AAEBB7A281995B1002A5B8F /* Travner.app */;
			productType = "com.apple.product-type.application";
		};
		8AE00789281E94850084A75F /* TravnerTests */ = {
			isa = PBXNativeTarget;
			buildConfigurationList = 8AE00792281E94850084A75F /* Build configuration list for PBXNativeTarget "TravnerTests" */;
			buildPhases = (
				8AE00786281E94850084A75F /* Sources */,
				8AE00787281E94850084A75F /* Frameworks */,
				8AE00788281E94850084A75F /* Resources */,
			);
			buildRules = (
			);
			dependencies = (
				8AE0078F281E94850084A75F /* PBXTargetDependency */,
			);
			name = TravnerTests;
			productName = TravnerTests;
			productReference = 8AE0078A281E94850084A75F /* TravnerTests.xctest */;
			productType = "com.apple.product-type.bundle.unit-test";
		};
/* End PBXNativeTarget section */

/* Begin PBXProject section */
		8AAEBB72281995B1002A5B8F /* Project object */ = {
			isa = PBXProject;
			attributes = {
				BuildIndependentTargetsInParallel = 1;
				LastSwiftUpdateCheck = 1330;
				LastUpgradeCheck = 1340;
				TargetAttributes = {
					8A2DE55E2823582400CCFF42 = {
						CreatedOnToolsVersion = 13.3.1;
					};
					8A948382281F2D2C003EA463 = {
						CreatedOnToolsVersion = 13.3.1;
						TestTargetID = 8AAEBB79281995B1002A5B8F;
					};
					8AAEBB79281995B1002A5B8F = {
						CreatedOnToolsVersion = 13.3.1;
					};
					8AE00789281E94850084A75F = {
						CreatedOnToolsVersion = 13.3.1;
						TestTargetID = 8AAEBB79281995B1002A5B8F;
					};
				};
			};
			buildConfigurationList = 8AAEBB75281995B1002A5B8F /* Build configuration list for PBXProject "Travner" */;
			compatibilityVersion = "Xcode 13.0";
			developmentRegion = en;
			hasScannedForEncodings = 0;
			knownRegions = (
				en,
				Base,
				"pt-BR",
			);
			mainGroup = 8AAEBB71281995B1002A5B8F;
			productRefGroup = 8AAEBB7B281995B1002A5B8F /* Products */;
			projectDirPath = "";
			projectRoot = "";
			targets = (
				8AAEBB79281995B1002A5B8F /* Travner */,
				8AE00789281E94850084A75F /* TravnerTests */,
				8A948382281F2D2C003EA463 /* TravnerUITests */,
				8A2DE55E2823582400CCFF42 /* TravnerWidgetExtension */,
			);
		};
/* End PBXProject section */

/* Begin PBXResourcesBuildPhase section */
		8A2DE55D2823582400CCFF42 /* Resources */ = {
			isa = PBXResourcesBuildPhase;
			buildActionMask = 2147483647;
			files = (
				8A2DE5692823582700CCFF42 /* Assets.xcassets in Resources */,
				8A3BD8D028237302009481FC /* Colors.xcassets in Resources */,
			);
			runOnlyForDeploymentPostprocessing = 0;
		};
		8A948381281F2D2C003EA463 /* Resources */ = {
			isa = PBXResourcesBuildPhase;
			buildActionMask = 2147483647;
			files = (
			);
			runOnlyForDeploymentPostprocessing = 0;
		};
		8AAEBB78281995B1002A5B8F /* Resources */ = {
			isa = PBXResourcesBuildPhase;
			buildActionMask = 2147483647;
			files = (
				8A882C90281D0D85004AA220 /* Localizable.strings in Resources */,
				8A6040E3281A00C500794895 /* Colors.xcassets in Resources */,
				8A882C98281D1059004AA220 /* Awards.json in Resources */,
				8AAEBB85281995B7002A5B8F /* Preview Assets.xcassets in Resources */,
				8AAEBB82281995B7002A5B8F /* Assets.xcassets in Resources */,
				8A882C94281D0ED8004AA220 /* Localizable.stringsdict in Resources */,
			);
			runOnlyForDeploymentPostprocessing = 0;
		};
		8AE00788281E94850084A75F /* Resources */ = {
			isa = PBXResourcesBuildPhase;
			buildActionMask = 2147483647;
			files = (
				8A75A727281F1FFB00DC7666 /* DecodableString.json in Resources */,
				8A75A725281F1FE500DC7666 /* DecodableDictionary.json in Resources */,
			);
			runOnlyForDeploymentPostprocessing = 0;
		};
/* End PBXResourcesBuildPhase section */

/* Begin PBXShellScriptBuildPhase section */
		8A7B2F0D281DA1EA005DE487 /* SwiftLint */ = {
			isa = PBXShellScriptBuildPhase;
			buildActionMask = 2147483647;
			files = (
			);
			inputFileListPaths = (
			);
			inputPaths = (
			);
			name = SwiftLint;
			outputFileListPaths = (
			);
			outputPaths = (
			);
			runOnlyForDeploymentPostprocessing = 0;
			shellPath = /bin/sh;
			shellScript = "if which swiftlint >/dev/null; then\n  swiftlint\nelse\n  echo \"warning: SwiftLint not installed, download from https://github.com/realm/SwiftLint\"\nfi\n";
		};
/* End PBXShellScriptBuildPhase section */

/* Begin PBXSourcesBuildPhase section */
		8A2DE55B2823582400CCFF42 /* Sources */ = {
			isa = PBXSourcesBuildPhase;
			buildActionMask = 2147483647;
			files = (
				8A2DE572282358C700CCFF42 /* Main.xcdatamodeld in Sources */,
				8A2DE574282358D600CCFF42 /* DataController.swift in Sources */,
				8A2DE5672823582400CCFF42 /* TravnerWidget.swift in Sources */,
				8A3BD8D628237812009481FC /* SimpleWidget.swift in Sources */,
				8A3BD8D82823785A009481FC /* ComplexWidget.swift in Sources */,
				8A3BD8D4282377D5009481FC /* DataProvider.swift in Sources */,
				8A3BD8D228237312009481FC /* Sequence-Sorting.swift in Sources */,
				8A2DE573282358D300CCFF42 /* Item-CoreDataHelpers.swift in Sources */,
				8A3BD8D12823730A009481FC /* Project-CoreDataHelpers.swift in Sources */,
			);
			runOnlyForDeploymentPostprocessing = 0;
		};
		8A94837F281F2D2C003EA463 /* Sources */ = {
			isa = PBXSourcesBuildPhase;
			buildActionMask = 2147483647;
			files = (
				8A948386281F2D2C003EA463 /* TravnerUITests.swift in Sources */,
			);
			runOnlyForDeploymentPostprocessing = 0;
		};
		8AAEBB76281995B1002A5B8F /* Sources */ = {
			isa = PBXSourcesBuildPhase;
			buildActionMask = 2147483647;
			files = (
				8AAEBB942819DFE8002A5B8F /* ProjectsView.swift in Sources */,
				8A882C9F281D7FFA004AA220 /* ProjectSummaryView.swift in Sources */,
				8A8116532822FF83005C9CB1 /* SceneDelegate.swift in Sources */,
				8AC9FDB828260DEA00D6AFC4 /* Error-CloudKitMessages.swift in Sources */,
				8A2DE5782823592100CCFF42 /* DataController-Awards.swift in Sources */,
				8AFF01F12821A038001FAC18 /* PurchaseButton.swift in Sources */,
				8AC9FDAB2825D3D200D6AFC4 /* SharedItem.swift in Sources */,
				8A6040E12819FFF700794895 /* ProjectHeaderView.swift in Sources */,
				8AFF01F32821A054001FAC18 /* ProductView.swift in Sources */,
				8AC9FDAD2825D3E400D6AFC4 /* LoadStates.swift in Sources */,
				8AC9FDB02825D4E600D6AFC4 /* SharedProjectsView.swift in Sources */,
				8AFF636B281BF0DC006587AD /* AwardsView.swift in Sources */,
				8AAEBB8D2819DBC2002A5B8F /* Main.xcdatamodeld in Sources */,
				8A1816302820767400C7F55B /* HomeViewModel.swift in Sources */,
				8A2DE57A2823596700CCFF42 /* DataController-StoreKit.swift in Sources */,
				8AC9FDB42825E84600D6AFC4 /* SignInView.swift in Sources */,
				8A96C0B828218D7B00336052 /* UnlockManager.swift in Sources */,
				8AAEBB982819E489002A5B8F /* Project-CoreDataHelpers.swift in Sources */,
				8A9019F5281C31B900490A76 /* Color-Additions.swift in Sources */,
				8AC9FDBA2826131900D6AFC4 /* CloudError.swift in Sources */,
				8A6040E5281A010400794895 /* EditProjectView.swift in Sources */,
				8AC9FDA92825D3BC00D6AFC4 /* SharedProject.swift in Sources */,
				8A2DE576282358F500CCFF42 /* DataController-Reminders.swift in Sources */,
				8AC9FDB22825D77700D6AFC4 /* SharedItemsView.swift in Sources */,
				8AFF6365281BF072006587AD /* Bundle-Decodable.swift in Sources */,
				8AAEBB8F2819DCC4002A5B8F /* DataController.swift in Sources */,
				8AFF6369281BF0B8006587AD /* Award.swift in Sources */,
				8AFF6363281BC0BF006587AD /* SelectSomethingView.swift in Sources */,
				8AFF01F52821A095001FAC18 /* UnlockView.swift in Sources */,
				8A6040DD2819F81C00794895 /* ItemRowView.swift in Sources */,
				8A8116512822FF78005C9CB1 /* AppDelegate.swift in Sources */,
				8AAEBB80281995B1002A5B8F /* ContentView.swift in Sources */,
				8A6040DF2819F8EC00794895 /* Binding-OnChange.swift in Sources */,
				8AFF6361281BB632006587AD /* Sequence-Sorting.swift in Sources */,
				8A882C9D281D7F14004AA220 /* ItemListView.swift in Sources */,
				8AAEBB922819DE19002A5B8F /* HomeView.swift in Sources */,
				8AAEBB7E281995B1002A5B8F /* TravnerApp.swift in Sources */,
				8A40285D28207B8A00A4BE99 /* ItemRowViewModel.swift in Sources */,
				8AAEBB962819E097002A5B8F /* Item-CoreDataHelpers.swift in Sources */,
				8AFF01EF28219FE5001FAC18 /* SKProduct-LocalizedPrice.swift in Sources */,
				8A18162E2820599A00C7F55B /* ProjectsViewModel.swift in Sources */,
				8AC9FDB62826007700D6AFC4 /* ChatMessage.swift in Sources */,
				8A6040DB2819F72D00794895 /* EditItemView.swift in Sources */,
			);
			runOnlyForDeploymentPostprocessing = 0;
		};
		8AE00786281E94850084A75F /* Sources */ = {
			isa = PBXSourcesBuildPhase;
			buildActionMask = 2147483647;
			files = (
				8A75A729281F22DB00DC7666 /* PerformanceTests.swift in Sources */,
				8AE00794281E99E30084A75F /* AssetTests.swift in Sources */,
				8A75A71E281F11D000DC7666 /* AwardTests.swift in Sources */,
				8AE0078D281E94850084A75F /* TravnerTests.swift in Sources */,
				8A75A722281F1E0500DC7666 /* ExtensionTests.swift in Sources */,
				8A75A71C281F090100DC7666 /* ProjectTests.swift in Sources */,
				8A75A720281F162C00DC7666 /* DevelopmentTests.swift in Sources */,
			);
			runOnlyForDeploymentPostprocessing = 0;
		};
/* End PBXSourcesBuildPhase section */

/* Begin PBXTargetDependency section */
		8A2DE56C2823582700CCFF42 /* PBXTargetDependency */ = {
			isa = PBXTargetDependency;
			target = 8A2DE55E2823582400CCFF42 /* TravnerWidgetExtension */;
			targetProxy = 8A2DE56B2823582700CCFF42 /* PBXContainerItemProxy */;
		};
		8A94838A281F2D2C003EA463 /* PBXTargetDependency */ = {
			isa = PBXTargetDependency;
			target = 8AAEBB79281995B1002A5B8F /* Travner */;
			targetProxy = 8A948389281F2D2C003EA463 /* PBXContainerItemProxy */;
		};
		8AE0078F281E94850084A75F /* PBXTargetDependency */ = {
			isa = PBXTargetDependency;
			target = 8AAEBB79281995B1002A5B8F /* Travner */;
			targetProxy = 8AE0078E281E94850084A75F /* PBXContainerItemProxy */;
		};
/* End PBXTargetDependency section */

/* Begin PBXVariantGroup section */
		8A882C92281D0D85004AA220 /* Localizable.strings */ = {
			isa = PBXVariantGroup;
			children = (
				8A882C91281D0D85004AA220 /* en */,
				8A882C93281D0D93004AA220 /* pt-BR */,
			);
			name = Localizable.strings;
			sourceTree = "<group>";
		};
		8A882C96281D0ED8004AA220 /* Localizable.stringsdict */ = {
			isa = PBXVariantGroup;
			children = (
				8A882C95281D0ED8004AA220 /* en */,
				8A882C97281D0F30004AA220 /* pt-BR */,
			);
			name = Localizable.stringsdict;
			sourceTree = "<group>";
		};
		8A882C9A281D1059004AA220 /* Awards.json */ = {
			isa = PBXVariantGroup;
			children = (
				8A882C99281D1059004AA220 /* en */,
				8A882C9B281D105C004AA220 /* pt-BR */,
			);
			name = Awards.json;
			sourceTree = "<group>";
		};
/* End PBXVariantGroup section */

/* Begin XCBuildConfiguration section */
		8A2DE56F2823582700CCFF42 /* Debug */ = {
			isa = XCBuildConfiguration;
			buildSettings = {
				ASSETCATALOG_COMPILER_GLOBAL_ACCENT_COLOR_NAME = AccentColor;
				ASSETCATALOG_COMPILER_WIDGET_BACKGROUND_COLOR_NAME = WidgetBackground;
				CODE_SIGN_ENTITLEMENTS = TravnerWidget/TravnerWidgetExtension.entitlements;
				CODE_SIGN_STYLE = Automatic;
				CURRENT_PROJECT_VERSION = 1;
				DEVELOPMENT_TEAM = ZK5R34847G;
				GENERATE_INFOPLIST_FILE = YES;
				INFOPLIST_FILE = TravnerWidget/Info.plist;
				INFOPLIST_KEY_CFBundleDisplayName = TravnerWidget;
				INFOPLIST_KEY_NSHumanReadableCopyright = "";
				LD_RUNPATH_SEARCH_PATHS = (
					"$(inherited)",
					"@executable_path/Frameworks",
					"@executable_path/../../Frameworks",
				);
				MARKETING_VERSION = 1.0;
				PRODUCT_BUNDLE_IDENTIFIER = dev.mazzalins.Travner.TravnerWidget;
				PRODUCT_NAME = "$(TARGET_NAME)";
				SKIP_INSTALL = YES;
				SWIFT_EMIT_LOC_STRINGS = YES;
				SWIFT_VERSION = 5.0;
				TARGETED_DEVICE_FAMILY = "1,2";
			};
			name = Debug;
		};
		8A2DE5702823582700CCFF42 /* Release */ = {
			isa = XCBuildConfiguration;
			buildSettings = {
				ASSETCATALOG_COMPILER_GLOBAL_ACCENT_COLOR_NAME = AccentColor;
				ASSETCATALOG_COMPILER_WIDGET_BACKGROUND_COLOR_NAME = WidgetBackground;
				CODE_SIGN_ENTITLEMENTS = TravnerWidget/TravnerWidgetExtension.entitlements;
				CODE_SIGN_STYLE = Automatic;
				CURRENT_PROJECT_VERSION = 1;
				DEVELOPMENT_TEAM = ZK5R34847G;
				GENERATE_INFOPLIST_FILE = YES;
				INFOPLIST_FILE = TravnerWidget/Info.plist;
				INFOPLIST_KEY_CFBundleDisplayName = TravnerWidget;
				INFOPLIST_KEY_NSHumanReadableCopyright = "";
				LD_RUNPATH_SEARCH_PATHS = (
					"$(inherited)",
					"@executable_path/Frameworks",
					"@executable_path/../../Frameworks",
				);
				MARKETING_VERSION = 1.0;
				PRODUCT_BUNDLE_IDENTIFIER = dev.mazzalins.Travner.TravnerWidget;
				PRODUCT_NAME = "$(TARGET_NAME)";
				SKIP_INSTALL = YES;
				SWIFT_EMIT_LOC_STRINGS = YES;
				SWIFT_VERSION = 5.0;
				TARGETED_DEVICE_FAMILY = "1,2";
			};
			name = Release;
		};
		8A94838B281F2D2C003EA463 /* Debug */ = {
			isa = XCBuildConfiguration;
			buildSettings = {
				CODE_SIGN_IDENTITY = "Apple Development";
				"CODE_SIGN_IDENTITY[sdk=macosx*]" = "Apple Development";
				CODE_SIGN_STYLE = Automatic;
				CURRENT_PROJECT_VERSION = 1;
				DEVELOPMENT_TEAM = "";
				GENERATE_INFOPLIST_FILE = YES;
				MARKETING_VERSION = 1.0;
				PRODUCT_BUNDLE_IDENTIFIER = dev.mazzalins.TravnerUITests;
				PRODUCT_NAME = "$(TARGET_NAME)";
				PROVISIONING_PROFILE_SPECIFIER = "";
				"PROVISIONING_PROFILE_SPECIFIER[sdk=macosx*]" = "";
				SWIFT_EMIT_LOC_STRINGS = NO;
				SWIFT_VERSION = 5.0;
				TARGETED_DEVICE_FAMILY = "1,2";
				TEST_TARGET_NAME = Travner;
			};
			name = Debug;
		};
		8A94838C281F2D2C003EA463 /* Release */ = {
			isa = XCBuildConfiguration;
			buildSettings = {
				CODE_SIGN_IDENTITY = "Apple Development";
				"CODE_SIGN_IDENTITY[sdk=macosx*]" = "Apple Development";
				CODE_SIGN_STYLE = Automatic;
				CURRENT_PROJECT_VERSION = 1;
				DEVELOPMENT_TEAM = "";
				GENERATE_INFOPLIST_FILE = YES;
				MARKETING_VERSION = 1.0;
				PRODUCT_BUNDLE_IDENTIFIER = dev.mazzalins.TravnerUITests;
				PRODUCT_NAME = "$(TARGET_NAME)";
				PROVISIONING_PROFILE_SPECIFIER = "";
				"PROVISIONING_PROFILE_SPECIFIER[sdk=macosx*]" = "";
				SWIFT_EMIT_LOC_STRINGS = NO;
				SWIFT_VERSION = 5.0;
				TARGETED_DEVICE_FAMILY = "1,2";
				TEST_TARGET_NAME = Travner;
			};
			name = Release;
		};
		8AAEBB86281995B7002A5B8F /* Debug */ = {
			isa = XCBuildConfiguration;
			buildSettings = {
				ALWAYS_SEARCH_USER_PATHS = NO;
				CLANG_ANALYZER_LOCALIZABILITY_NONLOCALIZED = YES;
				CLANG_ANALYZER_NONNULL = YES;
				CLANG_ANALYZER_NUMBER_OBJECT_CONVERSION = YES_AGGRESSIVE;
				CLANG_CXX_LANGUAGE_STANDARD = "gnu++17";
				CLANG_ENABLE_MODULES = YES;
				CLANG_ENABLE_OBJC_ARC = YES;
				CLANG_ENABLE_OBJC_WEAK = YES;
				CLANG_WARN_BLOCK_CAPTURE_AUTORELEASING = YES;
				CLANG_WARN_BOOL_CONVERSION = YES;
				CLANG_WARN_COMMA = YES;
				CLANG_WARN_CONSTANT_CONVERSION = YES;
				CLANG_WARN_DEPRECATED_OBJC_IMPLEMENTATIONS = YES;
				CLANG_WARN_DIRECT_OBJC_ISA_USAGE = YES_ERROR;
				CLANG_WARN_DOCUMENTATION_COMMENTS = YES;
				CLANG_WARN_EMPTY_BODY = YES;
				CLANG_WARN_ENUM_CONVERSION = YES;
				CLANG_WARN_INFINITE_RECURSION = YES;
				CLANG_WARN_INT_CONVERSION = YES;
				CLANG_WARN_NON_LITERAL_NULL_CONVERSION = YES;
				CLANG_WARN_OBJC_IMPLICIT_RETAIN_SELF = YES;
				CLANG_WARN_OBJC_LITERAL_CONVERSION = YES;
				CLANG_WARN_OBJC_ROOT_CLASS = YES_ERROR;
				CLANG_WARN_QUOTED_INCLUDE_IN_FRAMEWORK_HEADER = YES;
				CLANG_WARN_RANGE_LOOP_ANALYSIS = YES;
				CLANG_WARN_STRICT_PROTOTYPES = YES;
				CLANG_WARN_SUSPICIOUS_MOVE = YES;
				CLANG_WARN_UNGUARDED_AVAILABILITY = YES_AGGRESSIVE;
				CLANG_WARN_UNREACHABLE_CODE = YES;
				CLANG_WARN__DUPLICATE_METHOD_MATCH = YES;
				COPY_PHASE_STRIP = NO;
				DEBUG_INFORMATION_FORMAT = dwarf;
				ENABLE_STRICT_OBJC_MSGSEND = YES;
				ENABLE_TESTABILITY = YES;
				GCC_C_LANGUAGE_STANDARD = gnu11;
				GCC_DYNAMIC_NO_PIC = NO;
				GCC_NO_COMMON_BLOCKS = YES;
				GCC_OPTIMIZATION_LEVEL = 0;
				GCC_PREPROCESSOR_DEFINITIONS = (
					"DEBUG=1",
					"$(inherited)",
				);
				GCC_WARN_64_TO_32_BIT_CONVERSION = YES;
				GCC_WARN_ABOUT_RETURN_TYPE = YES_ERROR;
				GCC_WARN_UNDECLARED_SELECTOR = YES;
				GCC_WARN_UNINITIALIZED_AUTOS = YES_AGGRESSIVE;
				GCC_WARN_UNUSED_FUNCTION = YES;
				GCC_WARN_UNUSED_VARIABLE = YES;
				IPHONEOS_DEPLOYMENT_TARGET = 15.0;
				MTL_ENABLE_DEBUG_INFO = INCLUDE_SOURCE;
				MTL_FAST_MATH = YES;
				ONLY_ACTIVE_ARCH = YES;
				SDKROOT = iphoneos;
				SWIFT_ACTIVE_COMPILATION_CONDITIONS = DEBUG;
				SWIFT_OPTIMIZATION_LEVEL = "-Onone";
			};
			name = Debug;
		};
		8AAEBB87281995B7002A5B8F /* Release */ = {
			isa = XCBuildConfiguration;
			buildSettings = {
				ALWAYS_SEARCH_USER_PATHS = NO;
				CLANG_ANALYZER_LOCALIZABILITY_NONLOCALIZED = YES;
				CLANG_ANALYZER_NONNULL = YES;
				CLANG_ANALYZER_NUMBER_OBJECT_CONVERSION = YES_AGGRESSIVE;
				CLANG_CXX_LANGUAGE_STANDARD = "gnu++17";
				CLANG_ENABLE_MODULES = YES;
				CLANG_ENABLE_OBJC_ARC = YES;
				CLANG_ENABLE_OBJC_WEAK = YES;
				CLANG_WARN_BLOCK_CAPTURE_AUTORELEASING = YES;
				CLANG_WARN_BOOL_CONVERSION = YES;
				CLANG_WARN_COMMA = YES;
				CLANG_WARN_CONSTANT_CONVERSION = YES;
				CLANG_WARN_DEPRECATED_OBJC_IMPLEMENTATIONS = YES;
				CLANG_WARN_DIRECT_OBJC_ISA_USAGE = YES_ERROR;
				CLANG_WARN_DOCUMENTATION_COMMENTS = YES;
				CLANG_WARN_EMPTY_BODY = YES;
				CLANG_WARN_ENUM_CONVERSION = YES;
				CLANG_WARN_INFINITE_RECURSION = YES;
				CLANG_WARN_INT_CONVERSION = YES;
				CLANG_WARN_NON_LITERAL_NULL_CONVERSION = YES;
				CLANG_WARN_OBJC_IMPLICIT_RETAIN_SELF = YES;
				CLANG_WARN_OBJC_LITERAL_CONVERSION = YES;
				CLANG_WARN_OBJC_ROOT_CLASS = YES_ERROR;
				CLANG_WARN_QUOTED_INCLUDE_IN_FRAMEWORK_HEADER = YES;
				CLANG_WARN_RANGE_LOOP_ANALYSIS = YES;
				CLANG_WARN_STRICT_PROTOTYPES = YES;
				CLANG_WARN_SUSPICIOUS_MOVE = YES;
				CLANG_WARN_UNGUARDED_AVAILABILITY = YES_AGGRESSIVE;
				CLANG_WARN_UNREACHABLE_CODE = YES;
				CLANG_WARN__DUPLICATE_METHOD_MATCH = YES;
				COPY_PHASE_STRIP = NO;
				DEBUG_INFORMATION_FORMAT = "dwarf-with-dsym";
				ENABLE_NS_ASSERTIONS = NO;
				ENABLE_STRICT_OBJC_MSGSEND = YES;
				GCC_C_LANGUAGE_STANDARD = gnu11;
				GCC_NO_COMMON_BLOCKS = YES;
				GCC_WARN_64_TO_32_BIT_CONVERSION = YES;
				GCC_WARN_ABOUT_RETURN_TYPE = YES_ERROR;
				GCC_WARN_UNDECLARED_SELECTOR = YES;
				GCC_WARN_UNINITIALIZED_AUTOS = YES_AGGRESSIVE;
				GCC_WARN_UNUSED_FUNCTION = YES;
				GCC_WARN_UNUSED_VARIABLE = YES;
				IPHONEOS_DEPLOYMENT_TARGET = 15.0;
				MTL_ENABLE_DEBUG_INFO = NO;
				MTL_FAST_MATH = YES;
				SDKROOT = iphoneos;
				SWIFT_COMPILATION_MODE = wholemodule;
				SWIFT_OPTIMIZATION_LEVEL = "-O";
				VALIDATE_PRODUCT = YES;
			};
			name = Release;
		};
		8AAEBB89281995B7002A5B8F /* Debug */ = {
			isa = XCBuildConfiguration;
			buildSettings = {
				ALWAYS_EMBED_SWIFT_STANDARD_LIBRARIES = YES;
				ASSETCATALOG_COMPILER_APPICON_NAME = AppIcon;
				ASSETCATALOG_COMPILER_GLOBAL_ACCENT_COLOR_NAME = AccentColor;
				CODE_SIGN_ENTITLEMENTS = Travner/Configuration/Travner.entitlements;
				CODE_SIGN_STYLE = Automatic;
				CURRENT_PROJECT_VERSION = 1;
				DEVELOPMENT_ASSET_PATHS = "\"Travner/Preview Content\"";
				DEVELOPMENT_TEAM = ZK5R34847G;
				ENABLE_PREVIEWS = YES;
				GENERATE_INFOPLIST_FILE = YES;
				INFOPLIST_FILE = Travner/Configuration/Info.plist;
				INFOPLIST_KEY_UIApplicationSceneManifest_Generation = YES;
				INFOPLIST_KEY_UIApplicationSupportsIndirectInputEvents = YES;
				INFOPLIST_KEY_UILaunchScreen_Generation = YES;
				INFOPLIST_KEY_UISupportedInterfaceOrientations_iPad = "UIInterfaceOrientationPortrait UIInterfaceOrientationPortraitUpsideDown UIInterfaceOrientationLandscapeLeft UIInterfaceOrientationLandscapeRight";
				INFOPLIST_KEY_UISupportedInterfaceOrientations_iPhone = "UIInterfaceOrientationPortrait UIInterfaceOrientationLandscapeLeft UIInterfaceOrientationLandscapeRight";
				IPHONEOS_DEPLOYMENT_TARGET = 15.0;
				LD_RUNPATH_SEARCH_PATHS = (
					"$(inherited)",
					"@executable_path/Frameworks",
				);
				MARKETING_VERSION = 1.0;
				PRODUCT_BUNDLE_IDENTIFIER = dev.mazzalins.Travner;
				PRODUCT_NAME = "$(TARGET_NAME)";
				SWIFT_EMIT_LOC_STRINGS = YES;
				SWIFT_VERSION = 5.0;
				TARGETED_DEVICE_FAMILY = "1,2";
			};
			name = Debug;
		};
		8AAEBB8A281995B7002A5B8F /* Release */ = {
			isa = XCBuildConfiguration;
			buildSettings = {
				ALWAYS_EMBED_SWIFT_STANDARD_LIBRARIES = YES;
				ASSETCATALOG_COMPILER_APPICON_NAME = AppIcon;
				ASSETCATALOG_COMPILER_GLOBAL_ACCENT_COLOR_NAME = AccentColor;
				CODE_SIGN_ENTITLEMENTS = Travner/Configuration/Travner.entitlements;
				CODE_SIGN_STYLE = Automatic;
				CURRENT_PROJECT_VERSION = 1;
				DEVELOPMENT_ASSET_PATHS = "\"Travner/Preview Content\"";
				DEVELOPMENT_TEAM = ZK5R34847G;
				ENABLE_PREVIEWS = YES;
				GENERATE_INFOPLIST_FILE = YES;
				INFOPLIST_FILE = Travner/Configuration/Info.plist;
				INFOPLIST_KEY_UIApplicationSceneManifest_Generation = YES;
				INFOPLIST_KEY_UIApplicationSupportsIndirectInputEvents = YES;
				INFOPLIST_KEY_UILaunchScreen_Generation = YES;
				INFOPLIST_KEY_UISupportedInterfaceOrientations_iPad = "UIInterfaceOrientationPortrait UIInterfaceOrientationPortraitUpsideDown UIInterfaceOrientationLandscapeLeft UIInterfaceOrientationLandscapeRight";
				INFOPLIST_KEY_UISupportedInterfaceOrientations_iPhone = "UIInterfaceOrientationPortrait UIInterfaceOrientationLandscapeLeft UIInterfaceOrientationLandscapeRight";
				IPHONEOS_DEPLOYMENT_TARGET = 15.0;
				LD_RUNPATH_SEARCH_PATHS = (
					"$(inherited)",
					"@executable_path/Frameworks",
				);
				MARKETING_VERSION = 1.0;
				PRODUCT_BUNDLE_IDENTIFIER = dev.mazzalins.Travner;
				PRODUCT_NAME = "$(TARGET_NAME)";
				SWIFT_EMIT_LOC_STRINGS = YES;
				SWIFT_VERSION = 5.0;
				TARGETED_DEVICE_FAMILY = "1,2";
			};
			name = Release;
		};
		8AE00790281E94850084A75F /* Debug */ = {
			isa = XCBuildConfiguration;
			buildSettings = {
				BUNDLE_LOADER = "$(TEST_HOST)";
				"CODE_SIGN_IDENTITY[sdk=macosx*]" = "Apple Development";
				CODE_SIGN_STYLE = Automatic;
				CURRENT_PROJECT_VERSION = 1;
				DEVELOPMENT_TEAM = ZK5R34847G;
				GENERATE_INFOPLIST_FILE = YES;
				MARKETING_VERSION = 1.0;
				PRODUCT_BUNDLE_IDENTIFIER = dev.mazzalins.TravnerTests;
				PRODUCT_NAME = "$(TARGET_NAME)";
				SWIFT_EMIT_LOC_STRINGS = NO;
				SWIFT_VERSION = 5.0;
				TARGETED_DEVICE_FAMILY = "1,2";
				TEST_HOST = "$(BUILT_PRODUCTS_DIR)/Travner.app/Travner";
			};
			name = Debug;
		};
		8AE00791281E94850084A75F /* Release */ = {
			isa = XCBuildConfiguration;
			buildSettings = {
				BUNDLE_LOADER = "$(TEST_HOST)";
				"CODE_SIGN_IDENTITY[sdk=macosx*]" = "Apple Development";
				CODE_SIGN_STYLE = Automatic;
				CURRENT_PROJECT_VERSION = 1;
				DEVELOPMENT_TEAM = ZK5R34847G;
				GENERATE_INFOPLIST_FILE = YES;
				MARKETING_VERSION = 1.0;
				PRODUCT_BUNDLE_IDENTIFIER = dev.mazzalins.TravnerTests;
				PRODUCT_NAME = "$(TARGET_NAME)";
				SWIFT_EMIT_LOC_STRINGS = NO;
				SWIFT_VERSION = 5.0;
				TARGETED_DEVICE_FAMILY = "1,2";
				TEST_HOST = "$(BUILT_PRODUCTS_DIR)/Travner.app/Travner";
			};
			name = Release;
		};
/* End XCBuildConfiguration section */

/* Begin XCConfigurationList section */
		8A2DE5712823582700CCFF42 /* Build configuration list for PBXNativeTarget "TravnerWidgetExtension" */ = {
			isa = XCConfigurationList;
			buildConfigurations = (
				8A2DE56F2823582700CCFF42 /* Debug */,
				8A2DE5702823582700CCFF42 /* Release */,
			);
			defaultConfigurationIsVisible = 0;
			defaultConfigurationName = Release;
		};
		8A94838D281F2D2C003EA463 /* Build configuration list for PBXNativeTarget "TravnerUITests" */ = {
			isa = XCConfigurationList;
			buildConfigurations = (
				8A94838B281F2D2C003EA463 /* Debug */,
				8A94838C281F2D2C003EA463 /* Release */,
			);
			defaultConfigurationIsVisible = 0;
			defaultConfigurationName = Release;
		};
		8AAEBB75281995B1002A5B8F /* Build configuration list for PBXProject "Travner" */ = {
			isa = XCConfigurationList;
			buildConfigurations = (
				8AAEBB86281995B7002A5B8F /* Debug */,
				8AAEBB87281995B7002A5B8F /* Release */,
			);
			defaultConfigurationIsVisible = 0;
			defaultConfigurationName = Release;
		};
		8AAEBB88281995B7002A5B8F /* Build configuration list for PBXNativeTarget "Travner" */ = {
			isa = XCConfigurationList;
			buildConfigurations = (
				8AAEBB89281995B7002A5B8F /* Debug */,
				8AAEBB8A281995B7002A5B8F /* Release */,
			);
			defaultConfigurationIsVisible = 0;
			defaultConfigurationName = Release;
		};
		8AE00792281E94850084A75F /* Build configuration list for PBXNativeTarget "TravnerTests" */ = {
			isa = XCConfigurationList;
			buildConfigurations = (
				8AE00790281E94850084A75F /* Debug */,
				8AE00791281E94850084A75F /* Release */,
			);
			defaultConfigurationIsVisible = 0;
			defaultConfigurationName = Release;
		};
/* End XCConfigurationList section */

/* Begin XCVersionGroup section */
		8AAEBB8B2819DBC2002A5B8F /* Main.xcdatamodeld */ = {
			isa = XCVersionGroup;
			children = (
				8AAEBB8C2819DBC2002A5B8F /* Main.xcdatamodel */,
			);
			currentVersion = 8AAEBB8C2819DBC2002A5B8F /* Main.xcdatamodel */;
			path = Main.xcdatamodeld;
			sourceTree = "<group>";
			versionGroupType = wrapper.xcdatamodel;
		};
/* End XCVersionGroup section */
	};
	rootObject = 8AAEBB72281995B1002A5B8F /* Project object */;
}
